// !$*UTF8*$!
{
	archiveVersion = 1;
	classes = {
	};
	objectVersion = 56;
	objects = {

/* Begin PBXBuildFile section */
		0A0636CE2AD359B5000B9825 /* AuthHeaderView.swift in Sources */ = {isa = PBXBuildFile; fileRef = 0A0636CD2AD359B5000B9825 /* AuthHeaderView.swift */; };
		0A0636D22AD35D07000B9825 /* UIView+Ext.swift in Sources */ = {isa = PBXBuildFile; fileRef = 0A0636D12AD35D07000B9825 /* UIView+Ext.swift */; };
		0A0636D42AD35E87000B9825 /* CGFloat+Ext.swift in Sources */ = {isa = PBXBuildFile; fileRef = 0A0636D32AD35E87000B9825 /* CGFloat+Ext.swift */; };
		0A0636D62AD363A0000B9825 /* CustomTextView.swift in Sources */ = {isa = PBXBuildFile; fileRef = 0A0636D52AD363A0000B9825 /* CustomTextView.swift */; };
		0A06A76B2AF4F57300EC947E /* AlertPresentable.swift in Sources */ = {isa = PBXBuildFile; fileRef = 0A06A76A2AF4F57300EC947E /* AlertPresentable.swift */; };
		0A09071F2AE02D2700C09085 /* CalendarViewModel.swift in Sources */ = {isa = PBXBuildFile; fileRef = 0A09071E2AE02D2700C09085 /* CalendarViewModel.swift */; };
		0A0907212AE0520900C09085 /* UIViewController+Ext.swift in Sources */ = {isa = PBXBuildFile; fileRef = 0A0907202AE0520900C09085 /* UIViewController+Ext.swift */; };
		0A0907232AE052C600C09085 /* EventCollectionViewCell.swift in Sources */ = {isa = PBXBuildFile; fileRef = 0A0907222AE052C600C09085 /* EventCollectionViewCell.swift */; };
		0A2C33DE2ADDE1CC00EC4E21 /* EventMapViewModel.swift in Sources */ = {isa = PBXBuildFile; fileRef = 0A2C33DD2ADDE1CC00EC4E21 /* EventMapViewModel.swift */; };
		0A30B2352B49DEFB001F71FE /* RxBlocking in Frameworks */ = {isa = PBXBuildFile; productRef = 0A30B2342B49DEFB001F71FE /* RxBlocking */; };
		0A30B2372B49DEFB001F71FE /* RxBlocking-Dynamic in Frameworks */ = {isa = PBXBuildFile; productRef = 0A30B2362B49DEFB001F71FE /* RxBlocking-Dynamic */; };
		0A30B2392B49DEFB001F71FE /* RxCocoa in Frameworks */ = {isa = PBXBuildFile; productRef = 0A30B2382B49DEFB001F71FE /* RxCocoa */; };
		0A30B23B2B49DEFB001F71FE /* RxCocoa-Dynamic in Frameworks */ = {isa = PBXBuildFile; productRef = 0A30B23A2B49DEFB001F71FE /* RxCocoa-Dynamic */; };
		0A30B23D2B49DEFB001F71FE /* RxRelay in Frameworks */ = {isa = PBXBuildFile; productRef = 0A30B23C2B49DEFB001F71FE /* RxRelay */; };
		0A30B23F2B49DEFB001F71FE /* RxRelay-Dynamic in Frameworks */ = {isa = PBXBuildFile; productRef = 0A30B23E2B49DEFB001F71FE /* RxRelay-Dynamic */; };
		0A30B2422B4A10D4001F71FE /* Differentiator in Frameworks */ = {isa = PBXBuildFile; productRef = 0A30B2412B4A10D4001F71FE /* Differentiator */; };
		0A30B2442B4A10D4001F71FE /* RxDataSources in Frameworks */ = {isa = PBXBuildFile; productRef = 0A30B2432B4A10D4001F71FE /* RxDataSources */; };
		0A3692D12AD5589A008D2829 /* HomeVC.swift in Sources */ = {isa = PBXBuildFile; fileRef = 0A3692D02AD5589A008D2829 /* HomeVC.swift */; };
		0A3692D42AD58776008D2829 /* User.swift in Sources */ = {isa = PBXBuildFile; fileRef = 0A3692D32AD58776008D2829 /* User.swift */; };
		0A3692D62AD5A318008D2829 /* OnboardVC.swift in Sources */ = {isa = PBXBuildFile; fileRef = 0A3692D52AD5A318008D2829 /* OnboardVC.swift */; };
		0A3692DA2AD5A5F0008D2829 /* OnboardViewModel.swift in Sources */ = {isa = PBXBuildFile; fileRef = 0A3692D92AD5A5F0008D2829 /* OnboardViewModel.swift */; };
		0A3692DC2AD5AA63008D2829 /* ContainerView.swift in Sources */ = {isa = PBXBuildFile; fileRef = 0A3692DB2AD5AA63008D2829 /* ContainerView.swift */; };
		0A3692DF2AD5C2C4008D2829 /* OnBoardModel.swift in Sources */ = {isa = PBXBuildFile; fileRef = 0A3692DE2AD5C2C4008D2829 /* OnBoardModel.swift */; };
		0A36D8592AF7D6CE004AC7AD /* UserDefaults+Ext.swift in Sources */ = {isa = PBXBuildFile; fileRef = 0A36D8582AF7D6CE004AC7AD /* UserDefaults+Ext.swift */; };
		0A5DD2412ADAD06D006D33E9 /* AuthTextField.swift in Sources */ = {isa = PBXBuildFile; fileRef = 0A5DD2402ADAD06D006D33E9 /* AuthTextField.swift */; };
		0A5DD2432ADAE217006D33E9 /* Event.swift in Sources */ = {isa = PBXBuildFile; fileRef = 0A5DD2422ADAE217006D33E9 /* Event.swift */; };
		0A81ED352AD69966008C4675 /* TabbarVC.swift in Sources */ = {isa = PBXBuildFile; fileRef = 0A81ED342AD69966008C4675 /* TabbarVC.swift */; };
		0A81ED372AD69C1B008C4675 /* ProfileVC.swift in Sources */ = {isa = PBXBuildFile; fileRef = 0A81ED362AD69C1B008C4675 /* ProfileVC.swift */; };
		0A81ED392AD69C36008C4675 /* EventListVC.swift in Sources */ = {isa = PBXBuildFile; fileRef = 0A81ED382AD69C36008C4675 /* EventListVC.swift */; };
		0A81ED3B2AD69C4C008C4675 /* EventMapVC.swift in Sources */ = {isa = PBXBuildFile; fileRef = 0A81ED3A2AD69C4C008C4675 /* EventMapVC.swift */; };
		0A81ED3D2AD69C5E008C4675 /* CalendarVC.swift in Sources */ = {isa = PBXBuildFile; fileRef = 0A81ED3C2AD69C5E008C4675 /* CalendarVC.swift */; };
		0A81ED3F2AD6A6F6008C4675 /* HomeViewModel.swift in Sources */ = {isa = PBXBuildFile; fileRef = 0A81ED3E2AD6A6F6008C4675 /* HomeViewModel.swift */; };
		0A81ED422AD6A9DC008C4675 /* EventSection.swift in Sources */ = {isa = PBXBuildFile; fileRef = 0A81ED412AD6A9DC008C4675 /* EventSection.swift */; };
		0A81ED452AD6AB1B008C4675 /* HomeCollectionViewHelper.swift in Sources */ = {isa = PBXBuildFile; fileRef = 0A81ED442AD6AB1B008C4675 /* HomeCollectionViewHelper.swift */; };
		0A81ED482AD6B33F008C4675 /* FeaturedCollectionViewCell.swift in Sources */ = {isa = PBXBuildFile; fileRef = 0A81ED472AD6B33F008C4675 /* FeaturedCollectionViewCell.swift */; };
		0A8259AA2AE7C9CC002D0CDD /* UIStackView+Ext.swift in Sources */ = {isa = PBXBuildFile; fileRef = 0A8259A92AE7C9CC002D0CDD /* UIStackView+Ext.swift */; };
		0A8364982AF8107E00ED92D5 /* UserConstants.swift in Sources */ = {isa = PBXBuildFile; fileRef = 0A8364972AF8107E00ED92D5 /* UserConstants.swift */; };
		0A8C42DD2B434F09007329EC /* SearchViewModel.swift in Sources */ = {isa = PBXBuildFile; fileRef = 0A8C42DC2B434F09007329EC /* SearchViewModel.swift */; };
		0A90D2D22AE71F54005A007E /* GoogleService-Info.plist in Resources */ = {isa = PBXBuildFile; fileRef = 0A90D2D12AE71F54005A007E /* GoogleService-Info.plist */; };
		0A911F372AD730F4008085A5 /* HomeScreenEventCollectionViewCell.swift in Sources */ = {isa = PBXBuildFile; fileRef = 0A911F362AD730F4008085A5 /* HomeScreenEventCollectionViewCell.swift */; };
		0A911F392AD73770008085A5 /* HeaderCollectionReusableView.swift in Sources */ = {isa = PBXBuildFile; fileRef = 0A911F382AD73770008085A5 /* HeaderCollectionReusableView.swift */; };
		0A930C182ADF116900E572FB /* CustomAnnotationPin.swift in Sources */ = {isa = PBXBuildFile; fileRef = 0A930C172ADF116900E572FB /* CustomAnnotationPin.swift */; };
		0A930C1A2ADF26E300E572FB /* CustomAnnotationView.swift in Sources */ = {isa = PBXBuildFile; fileRef = 0A930C192ADF26E300E572FB /* CustomAnnotationView.swift */; };
		0A930C1C2ADF29D200E572FB /* MKAnnotationView+Ext.swift in Sources */ = {isa = PBXBuildFile; fileRef = 0A930C1B2ADF29D200E572FB /* MKAnnotationView+Ext.swift */; };
		0A930C1E2ADF349F00E572FB /* MapBottomSheetVC.swift in Sources */ = {isa = PBXBuildFile; fileRef = 0A930C1D2ADF349F00E572FB /* MapBottomSheetVC.swift */; };
		0A930C202ADF38E400E572FB /* MapBottomSheetContainerView.swift in Sources */ = {isa = PBXBuildFile; fileRef = 0A930C1F2ADF38E400E572FB /* MapBottomSheetContainerView.swift */; };
		0A9855AA2AE2BCE000C281E0 /* EditProfileVC.swift in Sources */ = {isa = PBXBuildFile; fileRef = 0A9855A92AE2BCE000C281E0 /* EditProfileVC.swift */; };
		0A9855AC2AE2BD7700C281E0 /* EditProfileViewModel.swift in Sources */ = {isa = PBXBuildFile; fileRef = 0A9855AB2AE2BD7700C281E0 /* EditProfileViewModel.swift */; };
		0A994F642AD9373700686712 /* CustomDropDown.swift in Sources */ = {isa = PBXBuildFile; fileRef = 0A994F632AD9373700686712 /* CustomDropDown.swift */; };
		0AB346C22AE1AD2700E455BA /* CalendarEventsHeaderCollectionReusableView.swift in Sources */ = {isa = PBXBuildFile; fileRef = 0AB346C12AE1AD2700E455BA /* CalendarEventsHeaderCollectionReusableView.swift */; };
		0AB346C52AE1CC7500E455BA /* ProfileViewModel.swift in Sources */ = {isa = PBXBuildFile; fileRef = 0AB346C42AE1CC7500E455BA /* ProfileViewModel.swift */; };
		0AB346C72AE1D1CD00E455BA /* UIImageView+Ext.swift in Sources */ = {isa = PBXBuildFile; fileRef = 0AB346C62AE1D1CD00E455BA /* UIImageView+Ext.swift */; };
		0ABFE2D42AD2A7BB0092018E /* AppDelegate.swift in Sources */ = {isa = PBXBuildFile; fileRef = 0ABFE2D32AD2A7BB0092018E /* AppDelegate.swift */; };
		0ABFE2D62AD2A7BB0092018E /* SceneDelegate.swift in Sources */ = {isa = PBXBuildFile; fileRef = 0ABFE2D52AD2A7BB0092018E /* SceneDelegate.swift */; };
		0ABFE2D82AD2A7BB0092018E /* LoginVC.swift in Sources */ = {isa = PBXBuildFile; fileRef = 0ABFE2D72AD2A7BB0092018E /* LoginVC.swift */; };
		0ABFE2DD2AD2A7BC0092018E /* Assets.xcassets in Resources */ = {isa = PBXBuildFile; fileRef = 0ABFE2DC2AD2A7BC0092018E /* Assets.xcassets */; };
		0ABFE2E02AD2A7BC0092018E /* LaunchScreen.storyboard in Resources */ = {isa = PBXBuildFile; fileRef = 0ABFE2DE2AD2A7BC0092018E /* LaunchScreen.storyboard */; };
		0ABFE2EC2AD2B3C80092018E /* LoginViewModel.swift in Sources */ = {isa = PBXBuildFile; fileRef = 0ABFE2EB2AD2B3C80092018E /* LoginViewModel.swift */; };
		0ABFE2EF2AD2BD950092018E /* SnapKit in Frameworks */ = {isa = PBXBuildFile; productRef = 0ABFE2EE2AD2BD950092018E /* SnapKit */; };
		0ABFE2F12AD2BD950092018E /* SnapKit-Dynamic in Frameworks */ = {isa = PBXBuildFile; productRef = 0ABFE2F02AD2BD950092018E /* SnapKit-Dynamic */; };
		0AC4F2022AD8ACA500502F08 /* Kingfisher in Frameworks */ = {isa = PBXBuildFile; productRef = 0AC4F2012AD8ACA500502F08 /* Kingfisher */; };
		0AC4F2052AD8AD5300502F08 /* iOSDropDown in Frameworks */ = {isa = PBXBuildFile; productRef = 0AC4F2042AD8AD5300502F08 /* iOSDropDown */; };
		0ACD98DE2AD89F3800A01CA2 /* CoverView.swift in Sources */ = {isa = PBXBuildFile; fileRef = 0ACD98DD2AD89F3800A01CA2 /* CoverView.swift */; };
		0ACFEE9E2B41C6A7004FF3E5 /* SearchVC.swift in Sources */ = {isa = PBXBuildFile; fileRef = 0ACFEE9D2B41C6A7004FF3E5 /* SearchVC.swift */; };
		0AD586C52B3E18C300406A93 /* GoogleService-Info.plist in Resources */ = {isa = PBXBuildFile; fileRef = 0AD586C42B3E18C300406A93 /* GoogleService-Info.plist */; };
		0AD586C82B3E1A4E00406A93 /* EventDetailVC.swift in Sources */ = {isa = PBXBuildFile; fileRef = 0AD586C72B3E1A4E00406A93 /* EventDetailVC.swift */; };
		0AD586CA2B3E1A7A00406A93 /* EventDetailViewModel.swift in Sources */ = {isa = PBXBuildFile; fileRef = 0AD586C92B3E1A7A00406A93 /* EventDetailViewModel.swift */; };
		0AD586CD2B3E1ADD00406A93 /* EventDetailInfoCollectionViewCell.swift in Sources */ = {isa = PBXBuildFile; fileRef = 0AD586CC2B3E1ADD00406A93 /* EventDetailInfoCollectionViewCell.swift */; };
		0AD586CF2B3E1B0000406A93 /* EventDetailLocationCollectionViewCell.swift in Sources */ = {isa = PBXBuildFile; fileRef = 0AD586CE2B3E1B0000406A93 /* EventDetailLocationCollectionViewCell.swift */; };
		0AD586D12B3E1B1F00406A93 /* EventDetailOrganizerCollectionViewCell.swift in Sources */ = {isa = PBXBuildFile; fileRef = 0AD586D02B3E1B1F00406A93 /* EventDetailOrganizerCollectionViewCell.swift */; };
		0AD586D32B3E1B4200406A93 /* EventDetailPhotoCollectionViewCell.swift in Sources */ = {isa = PBXBuildFile; fileRef = 0AD586D22B3E1B4200406A93 /* EventDetailPhotoCollectionViewCell.swift */; };
		0AD586D72B3E1BD500406A93 /* EventDetailSection.swift in Sources */ = {isa = PBXBuildFile; fileRef = 0AD586D62B3E1BD500406A93 /* EventDetailSection.swift */; };
		0AD586D92B3E1BF600406A93 /* EventDetailCollectionViewHelper.swift in Sources */ = {isa = PBXBuildFile; fileRef = 0AD586D82B3E1BF600406A93 /* EventDetailCollectionViewHelper.swift */; };
		0ADCBAE32AE2668A004EA494 /* SettingsVC.swift in Sources */ = {isa = PBXBuildFile; fileRef = 0ADCBAE22AE2668A004EA494 /* SettingsVC.swift */; };
		0ADCBAE52AE26796004EA494 /* SettingsViewModel.swift in Sources */ = {isa = PBXBuildFile; fileRef = 0ADCBAE42AE26796004EA494 /* SettingsViewModel.swift */; };
		0ADCBAE72AE26B8A004EA494 /* CustomItemTileView.swift in Sources */ = {isa = PBXBuildFile; fileRef = 0ADCBAE62AE26B8A004EA494 /* CustomItemTileView.swift */; };
		0AE5CFF02AD492A900CB8E43 /* FirebaseAnalytics in Frameworks */ = {isa = PBXBuildFile; productRef = 0AE5CFEF2AD492A900CB8E43 /* FirebaseAnalytics */; };
		0AE5CFF22AD492A900CB8E43 /* FirebaseAnalyticsOnDeviceConversion in Frameworks */ = {isa = PBXBuildFile; productRef = 0AE5CFF12AD492A900CB8E43 /* FirebaseAnalyticsOnDeviceConversion */; };
		0AE5CFF42AD492A900CB8E43 /* FirebaseAnalyticsSwift in Frameworks */ = {isa = PBXBuildFile; productRef = 0AE5CFF32AD492A900CB8E43 /* FirebaseAnalyticsSwift */; };
		0AE5CFF62AD492A900CB8E43 /* FirebaseAnalyticsWithoutAdIdSupport in Frameworks */ = {isa = PBXBuildFile; productRef = 0AE5CFF52AD492A900CB8E43 /* FirebaseAnalyticsWithoutAdIdSupport */; };
		0AE5CFF82AD492A900CB8E43 /* FirebaseAppCheck in Frameworks */ = {isa = PBXBuildFile; productRef = 0AE5CFF72AD492A900CB8E43 /* FirebaseAppCheck */; };
		0AE5CFFA2AD492A900CB8E43 /* FirebaseAppDistribution-Beta in Frameworks */ = {isa = PBXBuildFile; productRef = 0AE5CFF92AD492A900CB8E43 /* FirebaseAppDistribution-Beta */; };
		0AE5CFFC2AD492A900CB8E43 /* FirebaseAuth in Frameworks */ = {isa = PBXBuildFile; productRef = 0AE5CFFB2AD492A900CB8E43 /* FirebaseAuth */; };
		0AE5CFFE2AD492A900CB8E43 /* FirebaseAuthCombine-Community in Frameworks */ = {isa = PBXBuildFile; productRef = 0AE5CFFD2AD492A900CB8E43 /* FirebaseAuthCombine-Community */; };
		0AE5D0002AD492A900CB8E43 /* FirebaseCrashlytics in Frameworks */ = {isa = PBXBuildFile; productRef = 0AE5CFFF2AD492A900CB8E43 /* FirebaseCrashlytics */; };
		0AE5D0022AD492A900CB8E43 /* FirebaseDatabase in Frameworks */ = {isa = PBXBuildFile; productRef = 0AE5D0012AD492A900CB8E43 /* FirebaseDatabase */; };
		0AE5D0042AD492A900CB8E43 /* FirebaseDatabaseSwift in Frameworks */ = {isa = PBXBuildFile; productRef = 0AE5D0032AD492A900CB8E43 /* FirebaseDatabaseSwift */; };
		0AE5D0062AD492A900CB8E43 /* FirebaseDynamicLinks in Frameworks */ = {isa = PBXBuildFile; productRef = 0AE5D0052AD492A900CB8E43 /* FirebaseDynamicLinks */; };
		0AE5D0082AD492A900CB8E43 /* FirebaseFirestore in Frameworks */ = {isa = PBXBuildFile; productRef = 0AE5D0072AD492A900CB8E43 /* FirebaseFirestore */; };
		0AE5D00A2AD492A900CB8E43 /* FirebaseFirestoreCombine-Community in Frameworks */ = {isa = PBXBuildFile; productRef = 0AE5D0092AD492A900CB8E43 /* FirebaseFirestoreCombine-Community */; };
		0AE5D00C2AD492A900CB8E43 /* FirebaseFirestoreSwift in Frameworks */ = {isa = PBXBuildFile; productRef = 0AE5D00B2AD492A900CB8E43 /* FirebaseFirestoreSwift */; };
		0AE5D00E2AD492A900CB8E43 /* FirebaseFunctions in Frameworks */ = {isa = PBXBuildFile; productRef = 0AE5D00D2AD492A900CB8E43 /* FirebaseFunctions */; };
		0AE5D0102AD492A900CB8E43 /* FirebaseFunctionsCombine-Community in Frameworks */ = {isa = PBXBuildFile; productRef = 0AE5D00F2AD492A900CB8E43 /* FirebaseFunctionsCombine-Community */; };
		0AE5D0122AD492A900CB8E43 /* FirebaseInAppMessaging-Beta in Frameworks */ = {isa = PBXBuildFile; productRef = 0AE5D0112AD492A900CB8E43 /* FirebaseInAppMessaging-Beta */; };
		0AE5D0142AD492A900CB8E43 /* FirebaseInAppMessagingSwift-Beta in Frameworks */ = {isa = PBXBuildFile; productRef = 0AE5D0132AD492A900CB8E43 /* FirebaseInAppMessagingSwift-Beta */; };
		0AE5D0162AD492A900CB8E43 /* FirebaseInstallations in Frameworks */ = {isa = PBXBuildFile; productRef = 0AE5D0152AD492A900CB8E43 /* FirebaseInstallations */; };
		0AE5D0182AD492A900CB8E43 /* FirebaseMLModelDownloader in Frameworks */ = {isa = PBXBuildFile; productRef = 0AE5D0172AD492A900CB8E43 /* FirebaseMLModelDownloader */; };
		0AE5D01A2AD492A900CB8E43 /* FirebaseMessaging in Frameworks */ = {isa = PBXBuildFile; productRef = 0AE5D0192AD492A900CB8E43 /* FirebaseMessaging */; };
		0AE5D01C2AD492A900CB8E43 /* FirebasePerformance in Frameworks */ = {isa = PBXBuildFile; productRef = 0AE5D01B2AD492A900CB8E43 /* FirebasePerformance */; };
		0AE5D01E2AD492A900CB8E43 /* FirebaseRemoteConfig in Frameworks */ = {isa = PBXBuildFile; productRef = 0AE5D01D2AD492A900CB8E43 /* FirebaseRemoteConfig */; };
		0AE5D0202AD492A900CB8E43 /* FirebaseRemoteConfigSwift in Frameworks */ = {isa = PBXBuildFile; productRef = 0AE5D01F2AD492A900CB8E43 /* FirebaseRemoteConfigSwift */; };
		0AE5D0222AD492A900CB8E43 /* FirebaseStorage in Frameworks */ = {isa = PBXBuildFile; productRef = 0AE5D0212AD492A900CB8E43 /* FirebaseStorage */; };
		0AE5D0242AD492A900CB8E43 /* FirebaseStorageCombine-Community in Frameworks */ = {isa = PBXBuildFile; productRef = 0AE5D0232AD492A900CB8E43 /* FirebaseStorageCombine-Community */; };
		0AE5D0272AD4933400CB8E43 /* NetworkManager.swift in Sources */ = {isa = PBXBuildFile; fileRef = 0AE5D0262AD4933400CB8E43 /* NetworkManager.swift */; };
		0AE5D02B2AD4B5DA00CB8E43 /* ValidationManager.swift in Sources */ = {isa = PBXBuildFile; fileRef = 0AE5D02A2AD4B5DA00CB8E43 /* ValidationManager.swift */; };
		0AE71C882AD83E46005D8B22 /* EventListViewModel.swift in Sources */ = {isa = PBXBuildFile; fileRef = 0AE71C872AD83E46005D8B22 /* EventListViewModel.swift */; };
		0AE71C8C2AD84691005D8B22 /* CreateEventVC.swift in Sources */ = {isa = PBXBuildFile; fileRef = 0AE71C8B2AD84691005D8B22 /* CreateEventVC.swift */; };
		0AE71C8F2AD856D2005D8B22 /* CreateEventViewModel.swift in Sources */ = {isa = PBXBuildFile; fileRef = 0AE71C8E2AD856D2005D8B22 /* CreateEventViewModel.swift */; };
		0AF09A212AE462B500537CB6 /* TermsAndConditionsVC.swift in Sources */ = {isa = PBXBuildFile; fileRef = 0AF09A202AE462B500537CB6 /* TermsAndConditionsVC.swift */; };
		0AF09A232AE46B9D00537CB6 /* PrivacyPolicyVC.swift in Sources */ = {isa = PBXBuildFile; fileRef = 0AF09A222AE46B9D00537CB6 /* PrivacyPolicyVC.swift */; };
		0AF09A252AE46E1600537CB6 /* AboutUsVC.swift in Sources */ = {isa = PBXBuildFile; fileRef = 0AF09A242AE46E1600537CB6 /* AboutUsVC.swift */; };
		0AF339312AE329B0000E027E /* GenderDropDown.swift in Sources */ = {isa = PBXBuildFile; fileRef = 0AF339302AE329B0000E027E /* GenderDropDown.swift */; };
		0AF339332AE329D9000E027E /* GenderEnum.swift in Sources */ = {isa = PBXBuildFile; fileRef = 0AF339322AE329D9000E027E /* GenderEnum.swift */; };
		0AF4519B2AD4185D0057CEAF /* CustomButton.swift in Sources */ = {isa = PBXBuildFile; fileRef = 0AF4519A2AD4185D0057CEAF /* CustomButton.swift */; };
		0AF4519D2AD42D250057CEAF /* SignUpVC.swift in Sources */ = {isa = PBXBuildFile; fileRef = 0AF4519C2AD42D250057CEAF /* SignUpVC.swift */; };
		0AF451A02AD42D7A0057CEAF /* SignUpViewModel.swift in Sources */ = {isa = PBXBuildFile; fileRef = 0AF4519F2AD42D7A0057CEAF /* SignUpViewModel.swift */; };
/* End PBXBuildFile section */

/* Begin PBXFileReference section */
		0A0636CD2AD359B5000B9825 /* AuthHeaderView.swift */ = {isa = PBXFileReference; lastKnownFileType = sourcecode.swift; path = AuthHeaderView.swift; sourceTree = "<group>"; };
		0A0636D12AD35D07000B9825 /* UIView+Ext.swift */ = {isa = PBXFileReference; lastKnownFileType = sourcecode.swift; path = "UIView+Ext.swift"; sourceTree = "<group>"; };
		0A0636D32AD35E87000B9825 /* CGFloat+Ext.swift */ = {isa = PBXFileReference; lastKnownFileType = sourcecode.swift; path = "CGFloat+Ext.swift"; sourceTree = "<group>"; };
		0A0636D52AD363A0000B9825 /* CustomTextView.swift */ = {isa = PBXFileReference; lastKnownFileType = sourcecode.swift; path = CustomTextView.swift; sourceTree = "<group>"; };
		0A06A76A2AF4F57300EC947E /* AlertPresentable.swift */ = {isa = PBXFileReference; lastKnownFileType = sourcecode.swift; path = AlertPresentable.swift; sourceTree = "<group>"; };
		0A09071E2AE02D2700C09085 /* CalendarViewModel.swift */ = {isa = PBXFileReference; lastKnownFileType = sourcecode.swift; path = CalendarViewModel.swift; sourceTree = "<group>"; };
		0A0907202AE0520900C09085 /* UIViewController+Ext.swift */ = {isa = PBXFileReference; lastKnownFileType = sourcecode.swift; path = "UIViewController+Ext.swift"; sourceTree = "<group>"; };
		0A0907222AE052C600C09085 /* EventCollectionViewCell.swift */ = {isa = PBXFileReference; lastKnownFileType = sourcecode.swift; path = EventCollectionViewCell.swift; sourceTree = "<group>"; };
		0A2C33DD2ADDE1CC00EC4E21 /* EventMapViewModel.swift */ = {isa = PBXFileReference; lastKnownFileType = sourcecode.swift; path = EventMapViewModel.swift; sourceTree = "<group>"; };
		0A3692D02AD5589A008D2829 /* HomeVC.swift */ = {isa = PBXFileReference; lastKnownFileType = sourcecode.swift; path = HomeVC.swift; sourceTree = "<group>"; };
		0A3692D32AD58776008D2829 /* User.swift */ = {isa = PBXFileReference; lastKnownFileType = sourcecode.swift; path = User.swift; sourceTree = "<group>"; };
		0A3692D52AD5A318008D2829 /* OnboardVC.swift */ = {isa = PBXFileReference; lastKnownFileType = sourcecode.swift; path = OnboardVC.swift; sourceTree = "<group>"; };
		0A3692D92AD5A5F0008D2829 /* OnboardViewModel.swift */ = {isa = PBXFileReference; lastKnownFileType = sourcecode.swift; path = OnboardViewModel.swift; sourceTree = "<group>"; };
		0A3692DB2AD5AA63008D2829 /* ContainerView.swift */ = {isa = PBXFileReference; lastKnownFileType = sourcecode.swift; path = ContainerView.swift; sourceTree = "<group>"; };
		0A3692DE2AD5C2C4008D2829 /* OnBoardModel.swift */ = {isa = PBXFileReference; lastKnownFileType = sourcecode.swift; path = OnBoardModel.swift; sourceTree = "<group>"; };
		0A36D8582AF7D6CE004AC7AD /* UserDefaults+Ext.swift */ = {isa = PBXFileReference; lastKnownFileType = sourcecode.swift; path = "UserDefaults+Ext.swift"; sourceTree = "<group>"; };
		0A5DD2402ADAD06D006D33E9 /* AuthTextField.swift */ = {isa = PBXFileReference; lastKnownFileType = sourcecode.swift; path = AuthTextField.swift; sourceTree = "<group>"; };
		0A5DD2422ADAE217006D33E9 /* Event.swift */ = {isa = PBXFileReference; lastKnownFileType = sourcecode.swift; path = Event.swift; sourceTree = "<group>"; };
		0A81ED342AD69966008C4675 /* TabbarVC.swift */ = {isa = PBXFileReference; lastKnownFileType = sourcecode.swift; path = TabbarVC.swift; sourceTree = "<group>"; };
		0A81ED362AD69C1B008C4675 /* ProfileVC.swift */ = {isa = PBXFileReference; lastKnownFileType = sourcecode.swift; path = ProfileVC.swift; sourceTree = "<group>"; };
		0A81ED382AD69C36008C4675 /* EventListVC.swift */ = {isa = PBXFileReference; lastKnownFileType = sourcecode.swift; path = EventListVC.swift; sourceTree = "<group>"; };
		0A81ED3A2AD69C4C008C4675 /* EventMapVC.swift */ = {isa = PBXFileReference; lastKnownFileType = sourcecode.swift; path = EventMapVC.swift; sourceTree = "<group>"; };
		0A81ED3C2AD69C5E008C4675 /* CalendarVC.swift */ = {isa = PBXFileReference; lastKnownFileType = sourcecode.swift; path = CalendarVC.swift; sourceTree = "<group>"; };
		0A81ED3E2AD6A6F6008C4675 /* HomeViewModel.swift */ = {isa = PBXFileReference; lastKnownFileType = sourcecode.swift; path = HomeViewModel.swift; sourceTree = "<group>"; };
		0A81ED412AD6A9DC008C4675 /* EventSection.swift */ = {isa = PBXFileReference; lastKnownFileType = sourcecode.swift; path = EventSection.swift; sourceTree = "<group>"; };
		0A81ED442AD6AB1B008C4675 /* HomeCollectionViewHelper.swift */ = {isa = PBXFileReference; lastKnownFileType = sourcecode.swift; path = HomeCollectionViewHelper.swift; sourceTree = "<group>"; };
		0A81ED472AD6B33F008C4675 /* FeaturedCollectionViewCell.swift */ = {isa = PBXFileReference; lastKnownFileType = sourcecode.swift; path = FeaturedCollectionViewCell.swift; sourceTree = "<group>"; };
		0A8259A92AE7C9CC002D0CDD /* UIStackView+Ext.swift */ = {isa = PBXFileReference; lastKnownFileType = sourcecode.swift; path = "UIStackView+Ext.swift"; sourceTree = "<group>"; };
		0A8364972AF8107E00ED92D5 /* UserConstants.swift */ = {isa = PBXFileReference; lastKnownFileType = sourcecode.swift; path = UserConstants.swift; sourceTree = "<group>"; };
		0A8C42DC2B434F09007329EC /* SearchViewModel.swift */ = {isa = PBXFileReference; lastKnownFileType = sourcecode.swift; path = SearchViewModel.swift; sourceTree = "<group>"; };
		0A90D2D12AE71F54005A007E /* GoogleService-Info.plist */ = {isa = PBXFileReference; fileEncoding = 4; lastKnownFileType = text.plist.xml; path = "GoogleService-Info.plist"; sourceTree = "<group>"; };
		0A911F362AD730F4008085A5 /* HomeScreenEventCollectionViewCell.swift */ = {isa = PBXFileReference; lastKnownFileType = sourcecode.swift; path = HomeScreenEventCollectionViewCell.swift; sourceTree = "<group>"; };
		0A911F382AD73770008085A5 /* HeaderCollectionReusableView.swift */ = {isa = PBXFileReference; lastKnownFileType = sourcecode.swift; path = HeaderCollectionReusableView.swift; sourceTree = "<group>"; };
		0A930C172ADF116900E572FB /* CustomAnnotationPin.swift */ = {isa = PBXFileReference; lastKnownFileType = sourcecode.swift; path = CustomAnnotationPin.swift; sourceTree = "<group>"; };
		0A930C192ADF26E300E572FB /* CustomAnnotationView.swift */ = {isa = PBXFileReference; lastKnownFileType = sourcecode.swift; path = CustomAnnotationView.swift; sourceTree = "<group>"; };
		0A930C1B2ADF29D200E572FB /* MKAnnotationView+Ext.swift */ = {isa = PBXFileReference; lastKnownFileType = sourcecode.swift; path = "MKAnnotationView+Ext.swift"; sourceTree = "<group>"; };
		0A930C1D2ADF349F00E572FB /* MapBottomSheetVC.swift */ = {isa = PBXFileReference; lastKnownFileType = sourcecode.swift; path = MapBottomSheetVC.swift; sourceTree = "<group>"; };
		0A930C1F2ADF38E400E572FB /* MapBottomSheetContainerView.swift */ = {isa = PBXFileReference; lastKnownFileType = sourcecode.swift; path = MapBottomSheetContainerView.swift; sourceTree = "<group>"; };
		0A9855A92AE2BCE000C281E0 /* EditProfileVC.swift */ = {isa = PBXFileReference; lastKnownFileType = sourcecode.swift; path = EditProfileVC.swift; sourceTree = "<group>"; };
		0A9855AB2AE2BD7700C281E0 /* EditProfileViewModel.swift */ = {isa = PBXFileReference; lastKnownFileType = sourcecode.swift; path = EditProfileViewModel.swift; sourceTree = "<group>"; };
		0A994F632AD9373700686712 /* CustomDropDown.swift */ = {isa = PBXFileReference; lastKnownFileType = sourcecode.swift; path = CustomDropDown.swift; sourceTree = "<group>"; };
		0AB346C12AE1AD2700E455BA /* CalendarEventsHeaderCollectionReusableView.swift */ = {isa = PBXFileReference; lastKnownFileType = sourcecode.swift; path = CalendarEventsHeaderCollectionReusableView.swift; sourceTree = "<group>"; };
		0AB346C42AE1CC7500E455BA /* ProfileViewModel.swift */ = {isa = PBXFileReference; lastKnownFileType = sourcecode.swift; path = ProfileViewModel.swift; sourceTree = "<group>"; };
		0AB346C62AE1D1CD00E455BA /* UIImageView+Ext.swift */ = {isa = PBXFileReference; lastKnownFileType = sourcecode.swift; path = "UIImageView+Ext.swift"; sourceTree = "<group>"; };
		0ABFE2D02AD2A7BB0092018E /* EventGo.app */ = {isa = PBXFileReference; explicitFileType = wrapper.application; includeInIndex = 0; path = EventGo.app; sourceTree = BUILT_PRODUCTS_DIR; };
		0ABFE2D32AD2A7BB0092018E /* AppDelegate.swift */ = {isa = PBXFileReference; lastKnownFileType = sourcecode.swift; path = AppDelegate.swift; sourceTree = "<group>"; };
		0ABFE2D52AD2A7BB0092018E /* SceneDelegate.swift */ = {isa = PBXFileReference; lastKnownFileType = sourcecode.swift; path = SceneDelegate.swift; sourceTree = "<group>"; };
		0ABFE2D72AD2A7BB0092018E /* LoginVC.swift */ = {isa = PBXFileReference; lastKnownFileType = sourcecode.swift; path = LoginVC.swift; sourceTree = "<group>"; };
		0ABFE2DC2AD2A7BC0092018E /* Assets.xcassets */ = {isa = PBXFileReference; lastKnownFileType = folder.assetcatalog; path = Assets.xcassets; sourceTree = "<group>"; };
		0ABFE2DF2AD2A7BC0092018E /* Base */ = {isa = PBXFileReference; lastKnownFileType = file.storyboard; name = Base; path = Base.lproj/LaunchScreen.storyboard; sourceTree = "<group>"; };
		0ABFE2E12AD2A7BC0092018E /* Info.plist */ = {isa = PBXFileReference; lastKnownFileType = text.plist.xml; path = Info.plist; sourceTree = "<group>"; };
		0ABFE2EB2AD2B3C80092018E /* LoginViewModel.swift */ = {isa = PBXFileReference; lastKnownFileType = sourcecode.swift; path = LoginViewModel.swift; sourceTree = "<group>"; };
		0ACD98DD2AD89F3800A01CA2 /* CoverView.swift */ = {isa = PBXFileReference; lastKnownFileType = sourcecode.swift; path = CoverView.swift; sourceTree = "<group>"; };
		0ACFEE9D2B41C6A7004FF3E5 /* SearchVC.swift */ = {isa = PBXFileReference; lastKnownFileType = sourcecode.swift; path = SearchVC.swift; sourceTree = "<group>"; };
		0AD586C42B3E18C300406A93 /* GoogleService-Info.plist */ = {isa = PBXFileReference; fileEncoding = 4; lastKnownFileType = text.plist.xml; path = "GoogleService-Info.plist"; sourceTree = "<group>"; };
		0AD586C72B3E1A4E00406A93 /* EventDetailVC.swift */ = {isa = PBXFileReference; lastKnownFileType = sourcecode.swift; path = EventDetailVC.swift; sourceTree = "<group>"; };
		0AD586C92B3E1A7A00406A93 /* EventDetailViewModel.swift */ = {isa = PBXFileReference; lastKnownFileType = sourcecode.swift; path = EventDetailViewModel.swift; sourceTree = "<group>"; };
		0AD586CC2B3E1ADD00406A93 /* EventDetailInfoCollectionViewCell.swift */ = {isa = PBXFileReference; lastKnownFileType = sourcecode.swift; path = EventDetailInfoCollectionViewCell.swift; sourceTree = "<group>"; };
		0AD586CE2B3E1B0000406A93 /* EventDetailLocationCollectionViewCell.swift */ = {isa = PBXFileReference; lastKnownFileType = sourcecode.swift; path = EventDetailLocationCollectionViewCell.swift; sourceTree = "<group>"; };
		0AD586D02B3E1B1F00406A93 /* EventDetailOrganizerCollectionViewCell.swift */ = {isa = PBXFileReference; lastKnownFileType = sourcecode.swift; path = EventDetailOrganizerCollectionViewCell.swift; sourceTree = "<group>"; };
		0AD586D22B3E1B4200406A93 /* EventDetailPhotoCollectionViewCell.swift */ = {isa = PBXFileReference; lastKnownFileType = sourcecode.swift; path = EventDetailPhotoCollectionViewCell.swift; sourceTree = "<group>"; };
		0AD586D62B3E1BD500406A93 /* EventDetailSection.swift */ = {isa = PBXFileReference; lastKnownFileType = sourcecode.swift; path = EventDetailSection.swift; sourceTree = "<group>"; };
		0AD586D82B3E1BF600406A93 /* EventDetailCollectionViewHelper.swift */ = {isa = PBXFileReference; lastKnownFileType = sourcecode.swift; path = EventDetailCollectionViewHelper.swift; sourceTree = "<group>"; };
		0ADCBAE22AE2668A004EA494 /* SettingsVC.swift */ = {isa = PBXFileReference; lastKnownFileType = sourcecode.swift; path = SettingsVC.swift; sourceTree = "<group>"; };
		0ADCBAE42AE26796004EA494 /* SettingsViewModel.swift */ = {isa = PBXFileReference; lastKnownFileType = sourcecode.swift; path = SettingsViewModel.swift; sourceTree = "<group>"; };
		0ADCBAE62AE26B8A004EA494 /* CustomItemTileView.swift */ = {isa = PBXFileReference; lastKnownFileType = sourcecode.swift; path = CustomItemTileView.swift; sourceTree = "<group>"; };
		0AE5D0262AD4933400CB8E43 /* NetworkManager.swift */ = {isa = PBXFileReference; lastKnownFileType = sourcecode.swift; path = NetworkManager.swift; sourceTree = "<group>"; };
		0AE5D02A2AD4B5DA00CB8E43 /* ValidationManager.swift */ = {isa = PBXFileReference; lastKnownFileType = sourcecode.swift; path = ValidationManager.swift; sourceTree = "<group>"; };
		0AE71C872AD83E46005D8B22 /* EventListViewModel.swift */ = {isa = PBXFileReference; lastKnownFileType = sourcecode.swift; path = EventListViewModel.swift; sourceTree = "<group>"; };
		0AE71C8B2AD84691005D8B22 /* CreateEventVC.swift */ = {isa = PBXFileReference; lastKnownFileType = sourcecode.swift; path = CreateEventVC.swift; sourceTree = "<group>"; };
		0AE71C8E2AD856D2005D8B22 /* CreateEventViewModel.swift */ = {isa = PBXFileReference; lastKnownFileType = sourcecode.swift; path = CreateEventViewModel.swift; sourceTree = "<group>"; };
		0AF09A202AE462B500537CB6 /* TermsAndConditionsVC.swift */ = {isa = PBXFileReference; lastKnownFileType = sourcecode.swift; path = TermsAndConditionsVC.swift; sourceTree = "<group>"; };
		0AF09A222AE46B9D00537CB6 /* PrivacyPolicyVC.swift */ = {isa = PBXFileReference; lastKnownFileType = sourcecode.swift; path = PrivacyPolicyVC.swift; sourceTree = "<group>"; };
		0AF09A242AE46E1600537CB6 /* AboutUsVC.swift */ = {isa = PBXFileReference; lastKnownFileType = sourcecode.swift; path = AboutUsVC.swift; sourceTree = "<group>"; };
		0AF339302AE329B0000E027E /* GenderDropDown.swift */ = {isa = PBXFileReference; lastKnownFileType = sourcecode.swift; path = GenderDropDown.swift; sourceTree = "<group>"; };
		0AF339322AE329D9000E027E /* GenderEnum.swift */ = {isa = PBXFileReference; lastKnownFileType = sourcecode.swift; path = GenderEnum.swift; sourceTree = "<group>"; };
		0AF4519A2AD4185D0057CEAF /* CustomButton.swift */ = {isa = PBXFileReference; lastKnownFileType = sourcecode.swift; path = CustomButton.swift; sourceTree = "<group>"; };
		0AF4519C2AD42D250057CEAF /* SignUpVC.swift */ = {isa = PBXFileReference; lastKnownFileType = sourcecode.swift; path = SignUpVC.swift; sourceTree = "<group>"; };
		0AF4519F2AD42D7A0057CEAF /* SignUpViewModel.swift */ = {isa = PBXFileReference; lastKnownFileType = sourcecode.swift; path = SignUpViewModel.swift; sourceTree = "<group>"; };
/* End PBXFileReference section */

/* Begin PBXFrameworksBuildPhase section */
		0ABFE2CD2AD2A7BB0092018E /* Frameworks */ = {
			isa = PBXFrameworksBuildPhase;
			buildActionMask = 2147483647;
			files = (
				0AE5D01A2AD492A900CB8E43 /* FirebaseMessaging in Frameworks */,
				0A30B23B2B49DEFB001F71FE /* RxCocoa-Dynamic in Frameworks */,
				0ABFE2EF2AD2BD950092018E /* SnapKit in Frameworks */,
				0AE5D00C2AD492A900CB8E43 /* FirebaseFirestoreSwift in Frameworks */,
				0AE5CFF62AD492A900CB8E43 /* FirebaseAnalyticsWithoutAdIdSupport in Frameworks */,
				0AE5D00E2AD492A900CB8E43 /* FirebaseFunctions in Frameworks */,
				0ABFE2F12AD2BD950092018E /* SnapKit-Dynamic in Frameworks */,
				0AE5CFF02AD492A900CB8E43 /* FirebaseAnalytics in Frameworks */,
				0AE5CFFC2AD492A900CB8E43 /* FirebaseAuth in Frameworks */,
				0AE5D0062AD492A900CB8E43 /* FirebaseDynamicLinks in Frameworks */,
				0A30B2372B49DEFB001F71FE /* RxBlocking-Dynamic in Frameworks */,
				0AE5D0002AD492A900CB8E43 /* FirebaseCrashlytics in Frameworks */,
				0AE5D0182AD492A900CB8E43 /* FirebaseMLModelDownloader in Frameworks */,
				0AE5D0042AD492A900CB8E43 /* FirebaseDatabaseSwift in Frameworks */,
				0AE5D0082AD492A900CB8E43 /* FirebaseFirestore in Frameworks */,
				0AE5D0162AD492A900CB8E43 /* FirebaseInstallations in Frameworks */,
				0AE5D0102AD492A900CB8E43 /* FirebaseFunctionsCombine-Community in Frameworks */,
				0AE5D00A2AD492A900CB8E43 /* FirebaseFirestoreCombine-Community in Frameworks */,
				0A30B23D2B49DEFB001F71FE /* RxRelay in Frameworks */,
				0AE5D0022AD492A900CB8E43 /* FirebaseDatabase in Frameworks */,
				0AE5D01C2AD492A900CB8E43 /* FirebasePerformance in Frameworks */,
				0AE5CFF82AD492A900CB8E43 /* FirebaseAppCheck in Frameworks */,
				0AE5CFF22AD492A900CB8E43 /* FirebaseAnalyticsOnDeviceConversion in Frameworks */,
				0AC4F2052AD8AD5300502F08 /* iOSDropDown in Frameworks */,
				0AE5D0142AD492A900CB8E43 /* FirebaseInAppMessagingSwift-Beta in Frameworks */,
				0AE5D0202AD492A900CB8E43 /* FirebaseRemoteConfigSwift in Frameworks */,
				0A30B2422B4A10D4001F71FE /* Differentiator in Frameworks */,
				0A30B2442B4A10D4001F71FE /* RxDataSources in Frameworks */,
				0AE5CFF42AD492A900CB8E43 /* FirebaseAnalyticsSwift in Frameworks */,
				0AE5CFFA2AD492A900CB8E43 /* FirebaseAppDistribution-Beta in Frameworks */,
				0A30B2392B49DEFB001F71FE /* RxCocoa in Frameworks */,
				0A30B23F2B49DEFB001F71FE /* RxRelay-Dynamic in Frameworks */,
				0AC4F2022AD8ACA500502F08 /* Kingfisher in Frameworks */,
				0AE5D01E2AD492A900CB8E43 /* FirebaseRemoteConfig in Frameworks */,
				0AE5D0222AD492A900CB8E43 /* FirebaseStorage in Frameworks */,
				0AE5CFFE2AD492A900CB8E43 /* FirebaseAuthCombine-Community in Frameworks */,
				0A30B2352B49DEFB001F71FE /* RxBlocking in Frameworks */,
				0AE5D0242AD492A900CB8E43 /* FirebaseStorageCombine-Community in Frameworks */,
				0AE5D0122AD492A900CB8E43 /* FirebaseInAppMessaging-Beta in Frameworks */,
			);
			runOnlyForDeploymentPostprocessing = 0;
		};
/* End PBXFrameworksBuildPhase section */

/* Begin PBXGroup section */
		0A0636CA2AD3598E000B9825 /* Views */ = {
			isa = PBXGroup;
			children = (
				0A0907222AE052C600C09085 /* EventCollectionViewCell.swift */,
				0ADCBAE62AE26B8A004EA494 /* CustomItemTileView.swift */,
				0A0636D52AD363A0000B9825 /* CustomTextView.swift */,
				0AF4519A2AD4185D0057CEAF /* CustomButton.swift */,
				0AF339302AE329B0000E027E /* GenderDropDown.swift */,
			);
			path = Views;
			sourceTree = "<group>";
		};
		0A0636CF2AD35CED000B9825 /* Utilities */ = {
			isa = PBXGroup;
			children = (
				0A8364962AF8107000ED92D5 /* Constans */,
				0A81ED432AD6AB07008C4675 /* Helpers */,
				0A81ED402AD6A9CF008C4675 /* Enums */,
				0AE5D0252AD4932500CB8E43 /* Managers */,
				0A0636D02AD35CF4000B9825 /* Extensions */,
			);
			path = Utilities;
			sourceTree = "<group>";
		};
		0A0636D02AD35CF4000B9825 /* Extensions */ = {
			isa = PBXGroup;
			children = (
				0A0636D12AD35D07000B9825 /* UIView+Ext.swift */,
				0A0636D32AD35E87000B9825 /* CGFloat+Ext.swift */,
				0A930C1B2ADF29D200E572FB /* MKAnnotationView+Ext.swift */,
				0A0907202AE0520900C09085 /* UIViewController+Ext.swift */,
				0AB346C62AE1D1CD00E455BA /* UIImageView+Ext.swift */,
				0A8259A92AE7C9CC002D0CDD /* UIStackView+Ext.swift */,
				0A36D8582AF7D6CE004AC7AD /* UserDefaults+Ext.swift */,
			);
			path = Extensions;
			sourceTree = "<group>";
		};
		0A2C0A372ADC35F300766366 /* EventMapScreen */ = {
			isa = PBXGroup;
			children = (
				0A930C162ADF115100E572FB /* Models */,
				0A2C33DF2ADDF2C500EC4E21 /* Views */,
				0A81ED3A2AD69C4C008C4675 /* EventMapVC.swift */,
				0A2C33DD2ADDE1CC00EC4E21 /* EventMapViewModel.swift */,
			);
			path = EventMapScreen;
			sourceTree = "<group>";
		};
		0A2C0A382ADC35FE00766366 /* CalendarScreen */ = {
			isa = PBXGroup;
			children = (
				0AB346C32AE1C0A700E455BA /* Views */,
				0A81ED3C2AD69C5E008C4675 /* CalendarVC.swift */,
				0A09071E2AE02D2700C09085 /* CalendarViewModel.swift */,
			);
			path = CalendarScreen;
			sourceTree = "<group>";
		};
		0A2C0A392ADC360800766366 /* ProfileScreen */ = {
			isa = PBXGroup;
			children = (
				0A81ED362AD69C1B008C4675 /* ProfileVC.swift */,
				0AB346C42AE1CC7500E455BA /* ProfileViewModel.swift */,
			);
			path = ProfileScreen;
			sourceTree = "<group>";
		};
		0A2C33DF2ADDF2C500EC4E21 /* Views */ = {
			isa = PBXGroup;
			children = (
				0A930C192ADF26E300E572FB /* CustomAnnotationView.swift */,
				0A930C1D2ADF349F00E572FB /* MapBottomSheetVC.swift */,
				0A930C1F2ADF38E400E572FB /* MapBottomSheetContainerView.swift */,
			);
			path = Views;
			sourceTree = "<group>";
		};
		0A3692CF2AD5573B008D2829 /* HomeScreen */ = {
			isa = PBXGroup;
			children = (
				0A81ED462AD6B30B008C4675 /* Views */,
				0A3692D02AD5589A008D2829 /* HomeVC.swift */,
				0A81ED3E2AD6A6F6008C4675 /* HomeViewModel.swift */,
			);
			path = HomeScreen;
			sourceTree = "<group>";
		};
		0A3692D22AD5876B008D2829 /* Models */ = {
			isa = PBXGroup;
			children = (
				0A3692D32AD58776008D2829 /* User.swift */,
				0A5DD2422ADAE217006D33E9 /* Event.swift */,
			);
			path = Models;
			sourceTree = "<group>";
		};
		0A3692D72AD5A40C008D2829 /* OnboardScreen */ = {
			isa = PBXGroup;
			children = (
				0A3692DB2AD5AA63008D2829 /* ContainerView.swift */,
				0A3692DE2AD5C2C4008D2829 /* OnBoardModel.swift */,
				0A3692D52AD5A318008D2829 /* OnboardVC.swift */,
				0A3692D92AD5A5F0008D2829 /* OnboardViewModel.swift */,
			);
			path = OnboardScreen;
			sourceTree = "<group>";
		};
		0A5DD23F2ADAD051006D33E9 /* Views */ = {
			isa = PBXGroup;
			children = (
				0A0636CD2AD359B5000B9825 /* AuthHeaderView.swift */,
				0A5DD2402ADAD06D006D33E9 /* AuthTextField.swift */,
			);
			path = Views;
			sourceTree = "<group>";
		};
		0A81ED322AD69921008C4675 /* Core */ = {
			isa = PBXGroup;
			children = (
				0A81ED342AD69966008C4675 /* TabbarVC.swift */,
				0A3692CF2AD5573B008D2829 /* HomeScreen */,
				0AE71C862AD83E23005D8B22 /* EventListScreen */,
				0A2C0A372ADC35F300766366 /* EventMapScreen */,
				0A2C0A382ADC35FE00766366 /* CalendarScreen */,
				0A2C0A392ADC360800766366 /* ProfileScreen */,
			);
			path = Core;
			sourceTree = "<group>";
		};
		0A81ED332AD69936008C4675 /* Auth */ = {
			isa = PBXGroup;
			children = (
				0A5DD23F2ADAD051006D33E9 /* Views */,
				0A3692D72AD5A40C008D2829 /* OnboardScreen */,
				0AF4519E2AD42D2F0057CEAF /* SignUpScreen */,
				0ABFE2EA2AD2AF2A0092018E /* LoginScreen */,
			);
			path = Auth;
			sourceTree = "<group>";
		};
		0A81ED402AD6A9CF008C4675 /* Enums */ = {
			isa = PBXGroup;
			children = (
				0A81ED412AD6A9DC008C4675 /* EventSection.swift */,
				0AF339322AE329D9000E027E /* GenderEnum.swift */,
				0AD586D62B3E1BD500406A93 /* EventDetailSection.swift */,
			);
			path = Enums;
			sourceTree = "<group>";
		};
		0A81ED432AD6AB07008C4675 /* Helpers */ = {
			isa = PBXGroup;
			children = (
				0A81ED442AD6AB1B008C4675 /* HomeCollectionViewHelper.swift */,
				0A06A76A2AF4F57300EC947E /* AlertPresentable.swift */,
				0AD586D82B3E1BF600406A93 /* EventDetailCollectionViewHelper.swift */,
			);
			path = Helpers;
			sourceTree = "<group>";
		};
		0A81ED462AD6B30B008C4675 /* Views */ = {
			isa = PBXGroup;
			children = (
				0A81ED472AD6B33F008C4675 /* FeaturedCollectionViewCell.swift */,
				0A911F362AD730F4008085A5 /* HomeScreenEventCollectionViewCell.swift */,
				0A911F382AD73770008085A5 /* HeaderCollectionReusableView.swift */,
			);
			path = Views;
			sourceTree = "<group>";
		};
		0A8364962AF8107000ED92D5 /* Constans */ = {
			isa = PBXGroup;
			children = (
				0A8364972AF8107E00ED92D5 /* UserConstants.swift */,
			);
			path = Constans;
			sourceTree = "<group>";
		};
		0A8C42DE2B435C97007329EC /* SearchScreen */ = {
			isa = PBXGroup;
			children = (
				0ACFEE9D2B41C6A7004FF3E5 /* SearchVC.swift */,
				0A8C42DC2B434F09007329EC /* SearchViewModel.swift */,
			);
			path = SearchScreen;
			sourceTree = "<group>";
		};
		0A930C162ADF115100E572FB /* Models */ = {
			isa = PBXGroup;
			children = (
				0A930C172ADF116900E572FB /* CustomAnnotationPin.swift */,
			);
			path = Models;
			sourceTree = "<group>";
		};
		0A9855A82AE2BBC100C281E0 /* EditProfileScreen */ = {
			isa = PBXGroup;
			children = (
				0A9855A92AE2BCE000C281E0 /* EditProfileVC.swift */,
				0A9855AB2AE2BD7700C281E0 /* EditProfileViewModel.swift */,
			);
			path = EditProfileScreen;
			sourceTree = "<group>";
		};
		0AB346C32AE1C0A700E455BA /* Views */ = {
			isa = PBXGroup;
			children = (
				0AB346C12AE1AD2700E455BA /* CalendarEventsHeaderCollectionReusableView.swift */,
			);
			path = Views;
			sourceTree = "<group>";
		};
		0ABFE2C72AD2A7BB0092018E = {
			isa = PBXGroup;
			children = (
				0ABFE2D22AD2A7BB0092018E /* EventGo */,
				0ABFE2D12AD2A7BB0092018E /* Products */,
			);
			sourceTree = "<group>";
		};
		0ABFE2D12AD2A7BB0092018E /* Products */ = {
			isa = PBXGroup;
			children = (
				0ABFE2D02AD2A7BB0092018E /* EventGo.app */,
			);
			name = Products;
			sourceTree = "<group>";
		};
		0ABFE2D22AD2A7BB0092018E /* EventGo */ = {
			isa = PBXGroup;
			children = (
				0A3692D22AD5876B008D2829 /* Models */,
				0A0636CF2AD35CED000B9825 /* Utilities */,
				0A0636CA2AD3598E000B9825 /* Views */,
				0ABFE2E92AD2AF120092018E /* Controller */,
				0ABFE2E82AD2AED70092018E /* Support */,
			);
			path = EventGo;
			sourceTree = "<group>";
		};
		0ABFE2E82AD2AED70092018E /* Support */ = {
			isa = PBXGroup;
			children = (
				0AD586C42B3E18C300406A93 /* GoogleService-Info.plist */,
				0ABFE2D32AD2A7BB0092018E /* AppDelegate.swift */,
				0ABFE2D52AD2A7BB0092018E /* SceneDelegate.swift */,
				0ABFE2DC2AD2A7BC0092018E /* Assets.xcassets */,
				0A90D2D12AE71F54005A007E /* GoogleService-Info.plist */,
				0ABFE2DE2AD2A7BC0092018E /* LaunchScreen.storyboard */,
				0ABFE2E12AD2A7BC0092018E /* Info.plist */,
			);
			path = Support;
			sourceTree = "<group>";
		};
		0ABFE2E92AD2AF120092018E /* Controller */ = {
			isa = PBXGroup;
			children = (
				0A81ED332AD69936008C4675 /* Auth */,
				0AE71C8A2AD8467B005D8B22 /* Other */,
				0A81ED322AD69921008C4675 /* Core */,
			);
			path = Controller;
			sourceTree = "<group>";
		};
		0ABFE2EA2AD2AF2A0092018E /* LoginScreen */ = {
			isa = PBXGroup;
			children = (
				0ABFE2D72AD2A7BB0092018E /* LoginVC.swift */,
				0ABFE2EB2AD2B3C80092018E /* LoginViewModel.swift */,
			);
			path = LoginScreen;
			sourceTree = "<group>";
		};
		0ACD98DC2AD89F1F00A01CA2 /* Views */ = {
			isa = PBXGroup;
			children = (
				0A994F632AD9373700686712 /* CustomDropDown.swift */,
				0ACD98DD2AD89F3800A01CA2 /* CoverView.swift */,
			);
			path = Views;
			sourceTree = "<group>";
		};
		0AD586C62B3E1A3800406A93 /* EventDetailScreen */ = {
			isa = PBXGroup;
			children = (
				0AD586CB2B3E1AC600406A93 /* Views */,
				0AD586C72B3E1A4E00406A93 /* EventDetailVC.swift */,
				0AD586C92B3E1A7A00406A93 /* EventDetailViewModel.swift */,
			);
			path = EventDetailScreen;
			sourceTree = "<group>";
		};
		0AD586CB2B3E1AC600406A93 /* Views */ = {
			isa = PBXGroup;
			children = (
				0AD586CC2B3E1ADD00406A93 /* EventDetailInfoCollectionViewCell.swift */,
				0AD586CE2B3E1B0000406A93 /* EventDetailLocationCollectionViewCell.swift */,
				0AD586D02B3E1B1F00406A93 /* EventDetailOrganizerCollectionViewCell.swift */,
				0AD586D22B3E1B4200406A93 /* EventDetailPhotoCollectionViewCell.swift */,
			);
			path = Views;
			sourceTree = "<group>";
		};
		0ADCBAE12AE26674004EA494 /* SettingsScreen */ = {
			isa = PBXGroup;
			children = (
				0AF09A262AE4705900537CB6 /* Views */,
				0ADCBAE22AE2668A004EA494 /* SettingsVC.swift */,
				0ADCBAE42AE26796004EA494 /* SettingsViewModel.swift */,
			);
			path = SettingsScreen;
			sourceTree = "<group>";
		};
		0AE5D0252AD4932500CB8E43 /* Managers */ = {
			isa = PBXGroup;
			children = (
				0AE5D0262AD4933400CB8E43 /* NetworkManager.swift */,
				0AE5D02A2AD4B5DA00CB8E43 /* ValidationManager.swift */,
			);
			path = Managers;
			sourceTree = "<group>";
		};
		0AE71C862AD83E23005D8B22 /* EventListScreen */ = {
			isa = PBXGroup;
			children = (
				0A81ED382AD69C36008C4675 /* EventListVC.swift */,
				0AE71C872AD83E46005D8B22 /* EventListViewModel.swift */,
			);
			path = EventListScreen;
			sourceTree = "<group>";
		};
		0AE71C8A2AD8467B005D8B22 /* Other */ = {
			isa = PBXGroup;
			children = (
				0A8C42DE2B435C97007329EC /* SearchScreen */,
				0AD586C62B3E1A3800406A93 /* EventDetailScreen */,
				0A9855A82AE2BBC100C281E0 /* EditProfileScreen */,
				0ADCBAE12AE26674004EA494 /* SettingsScreen */,
				0AE71C8D2AD856BF005D8B22 /* CreateEventScreen */,
			);
			path = Other;
			sourceTree = "<group>";
		};
		0AE71C8D2AD856BF005D8B22 /* CreateEventScreen */ = {
			isa = PBXGroup;
			children = (
				0ACD98DC2AD89F1F00A01CA2 /* Views */,
				0AE71C8B2AD84691005D8B22 /* CreateEventVC.swift */,
				0AE71C8E2AD856D2005D8B22 /* CreateEventViewModel.swift */,
			);
			path = CreateEventScreen;
			sourceTree = "<group>";
		};
		0AF09A262AE4705900537CB6 /* Views */ = {
			isa = PBXGroup;
			children = (
				0AF09A202AE462B500537CB6 /* TermsAndConditionsVC.swift */,
				0AF09A222AE46B9D00537CB6 /* PrivacyPolicyVC.swift */,
				0AF09A242AE46E1600537CB6 /* AboutUsVC.swift */,
			);
			path = Views;
			sourceTree = "<group>";
		};
		0AF4519E2AD42D2F0057CEAF /* SignUpScreen */ = {
			isa = PBXGroup;
			children = (
				0AF4519C2AD42D250057CEAF /* SignUpVC.swift */,
				0AF4519F2AD42D7A0057CEAF /* SignUpViewModel.swift */,
			);
			path = SignUpScreen;
			sourceTree = "<group>";
		};
/* End PBXGroup section */

/* Begin PBXNativeTarget section */
		0ABFE2CF2AD2A7BB0092018E /* EventGo */ = {
			isa = PBXNativeTarget;
			buildConfigurationList = 0ABFE2E42AD2A7BC0092018E /* Build configuration list for PBXNativeTarget "EventGo" */;
			buildPhases = (
				0ABFE2CC2AD2A7BB0092018E /* Sources */,
				0ABFE2CD2AD2A7BB0092018E /* Frameworks */,
				0ABFE2CE2AD2A7BB0092018E /* Resources */,
			);
			buildRules = (
			);
			dependencies = (
			);
			name = EventGo;
			packageProductDependencies = (
				0ABFE2EE2AD2BD950092018E /* SnapKit */,
				0ABFE2F02AD2BD950092018E /* SnapKit-Dynamic */,
				0AE5CFEF2AD492A900CB8E43 /* FirebaseAnalytics */,
				0AE5CFF12AD492A900CB8E43 /* FirebaseAnalyticsOnDeviceConversion */,
				0AE5CFF32AD492A900CB8E43 /* FirebaseAnalyticsSwift */,
				0AE5CFF52AD492A900CB8E43 /* FirebaseAnalyticsWithoutAdIdSupport */,
				0AE5CFF72AD492A900CB8E43 /* FirebaseAppCheck */,
				0AE5CFF92AD492A900CB8E43 /* FirebaseAppDistribution-Beta */,
				0AE5CFFB2AD492A900CB8E43 /* FirebaseAuth */,
				0AE5CFFD2AD492A900CB8E43 /* FirebaseAuthCombine-Community */,
				0AE5CFFF2AD492A900CB8E43 /* FirebaseCrashlytics */,
				0AE5D0012AD492A900CB8E43 /* FirebaseDatabase */,
				0AE5D0032AD492A900CB8E43 /* FirebaseDatabaseSwift */,
				0AE5D0052AD492A900CB8E43 /* FirebaseDynamicLinks */,
				0AE5D0072AD492A900CB8E43 /* FirebaseFirestore */,
				0AE5D0092AD492A900CB8E43 /* FirebaseFirestoreCombine-Community */,
				0AE5D00B2AD492A900CB8E43 /* FirebaseFirestoreSwift */,
				0AE5D00D2AD492A900CB8E43 /* FirebaseFunctions */,
				0AE5D00F2AD492A900CB8E43 /* FirebaseFunctionsCombine-Community */,
				0AE5D0112AD492A900CB8E43 /* FirebaseInAppMessaging-Beta */,
				0AE5D0132AD492A900CB8E43 /* FirebaseInAppMessagingSwift-Beta */,
				0AE5D0152AD492A900CB8E43 /* FirebaseInstallations */,
				0AE5D0172AD492A900CB8E43 /* FirebaseMLModelDownloader */,
				0AE5D0192AD492A900CB8E43 /* FirebaseMessaging */,
				0AE5D01B2AD492A900CB8E43 /* FirebasePerformance */,
				0AE5D01D2AD492A900CB8E43 /* FirebaseRemoteConfig */,
				0AE5D01F2AD492A900CB8E43 /* FirebaseRemoteConfigSwift */,
				0AE5D0212AD492A900CB8E43 /* FirebaseStorage */,
				0AE5D0232AD492A900CB8E43 /* FirebaseStorageCombine-Community */,
				0AC4F2012AD8ACA500502F08 /* Kingfisher */,
				0AC4F2042AD8AD5300502F08 /* iOSDropDown */,
				0A30B2342B49DEFB001F71FE /* RxBlocking */,
				0A30B2362B49DEFB001F71FE /* RxBlocking-Dynamic */,
				0A30B2382B49DEFB001F71FE /* RxCocoa */,
				0A30B23A2B49DEFB001F71FE /* RxCocoa-Dynamic */,
				0A30B23C2B49DEFB001F71FE /* RxRelay */,
				0A30B23E2B49DEFB001F71FE /* RxRelay-Dynamic */,
				0A30B2412B4A10D4001F71FE /* Differentiator */,
				0A30B2432B4A10D4001F71FE /* RxDataSources */,
			);
			productName = EventGo;
			productReference = 0ABFE2D02AD2A7BB0092018E /* EventGo.app */;
			productType = "com.apple.product-type.application";
		};
/* End PBXNativeTarget section */

/* Begin PBXProject section */
		0ABFE2C82AD2A7BB0092018E /* Project object */ = {
			isa = PBXProject;
			attributes = {
				BuildIndependentTargetsInParallel = 1;
				LastSwiftUpdateCheck = 1500;
				LastUpgradeCheck = 1500;
				TargetAttributes = {
					0ABFE2CF2AD2A7BB0092018E = {
						CreatedOnToolsVersion = 15.0;
					};
				};
			};
			buildConfigurationList = 0ABFE2CB2AD2A7BB0092018E /* Build configuration list for PBXProject "EventGo" */;
			compatibilityVersion = "Xcode 14.0";
			developmentRegion = en;
			hasScannedForEncodings = 0;
			knownRegions = (
				en,
				Base,
			);
			mainGroup = 0ABFE2C72AD2A7BB0092018E;
			packageReferences = (
				0ABFE2ED2AD2BD950092018E /* XCRemoteSwiftPackageReference "SnapKit" */,
				0AE5CFEE2AD492A900CB8E43 /* XCRemoteSwiftPackageReference "firebase-ios-sdk" */,
				0AC4F2002AD8ACA500502F08 /* XCRemoteSwiftPackageReference "Kingfisher" */,
				0AC4F2032AD8AD5300502F08 /* XCRemoteSwiftPackageReference "iOSDropDown" */,
				0A30B2332B49DEFB001F71FE /* XCRemoteSwiftPackageReference "RxSwift" */,
				0A30B2402B4A10D4001F71FE /* XCRemoteSwiftPackageReference "RxDataSources" */,
			);
			productRefGroup = 0ABFE2D12AD2A7BB0092018E /* Products */;
			projectDirPath = "";
			projectRoot = "";
			targets = (
				0ABFE2CF2AD2A7BB0092018E /* EventGo */,
			);
		};
/* End PBXProject section */

/* Begin PBXResourcesBuildPhase section */
		0ABFE2CE2AD2A7BB0092018E /* Resources */ = {
			isa = PBXResourcesBuildPhase;
			buildActionMask = 2147483647;
			files = (
				0ABFE2E02AD2A7BC0092018E /* LaunchScreen.storyboard in Resources */,
				0AD586C52B3E18C300406A93 /* GoogleService-Info.plist in Resources */,
				0ABFE2DD2AD2A7BC0092018E /* Assets.xcassets in Resources */,
				0A90D2D22AE71F54005A007E /* GoogleService-Info.plist in Resources */,
			);
			runOnlyForDeploymentPostprocessing = 0;
		};
/* End PBXResourcesBuildPhase section */

/* Begin PBXSourcesBuildPhase section */
		0ABFE2CC2AD2A7BB0092018E /* Sources */ = {
			isa = PBXSourcesBuildPhase;
			buildActionMask = 2147483647;
			files = (
				0AE71C8C2AD84691005D8B22 /* CreateEventVC.swift in Sources */,
				0ACD98DE2AD89F3800A01CA2 /* CoverView.swift in Sources */,
				0A930C202ADF38E400E572FB /* MapBottomSheetContainerView.swift in Sources */,
				0A911F372AD730F4008085A5 /* HomeScreenEventCollectionViewCell.swift in Sources */,
				0A8C42DD2B434F09007329EC /* SearchViewModel.swift in Sources */,
				0AD586CA2B3E1A7A00406A93 /* EventDetailViewModel.swift in Sources */,
				0A81ED3D2AD69C5E008C4675 /* CalendarVC.swift in Sources */,
				0A81ED422AD6A9DC008C4675 /* EventSection.swift in Sources */,
				0A81ED482AD6B33F008C4675 /* FeaturedCollectionViewCell.swift in Sources */,
				0AE5D0272AD4933400CB8E43 /* NetworkManager.swift in Sources */,
				0AF339332AE329D9000E027E /* GenderEnum.swift in Sources */,
				0ABFE2EC2AD2B3C80092018E /* LoginViewModel.swift in Sources */,
				0AD586D92B3E1BF600406A93 /* EventDetailCollectionViewHelper.swift in Sources */,
				0A8364982AF8107E00ED92D5 /* UserConstants.swift in Sources */,
				0A81ED352AD69966008C4675 /* TabbarVC.swift in Sources */,
				0AF4519B2AD4185D0057CEAF /* CustomButton.swift in Sources */,
				0ABFE2D82AD2A7BB0092018E /* LoginVC.swift in Sources */,
				0A3692D42AD58776008D2829 /* User.swift in Sources */,
				0AD586D32B3E1B4200406A93 /* EventDetailPhotoCollectionViewCell.swift in Sources */,
				0A0636D22AD35D07000B9825 /* UIView+Ext.swift in Sources */,
				0A81ED452AD6AB1B008C4675 /* HomeCollectionViewHelper.swift in Sources */,
				0A8259AA2AE7C9CC002D0CDD /* UIStackView+Ext.swift in Sources */,
				0AB346C72AE1D1CD00E455BA /* UIImageView+Ext.swift in Sources */,
				0ADCBAE32AE2668A004EA494 /* SettingsVC.swift in Sources */,
				0AD586D72B3E1BD500406A93 /* EventDetailSection.swift in Sources */,
				0A0907232AE052C600C09085 /* EventCollectionViewCell.swift in Sources */,
				0A994F642AD9373700686712 /* CustomDropDown.swift in Sources */,
				0AD586CF2B3E1B0000406A93 /* EventDetailLocationCollectionViewCell.swift in Sources */,
				0A5DD2412ADAD06D006D33E9 /* AuthTextField.swift in Sources */,
				0A911F392AD73770008085A5 /* HeaderCollectionReusableView.swift in Sources */,
				0AF09A232AE46B9D00537CB6 /* PrivacyPolicyVC.swift in Sources */,
				0A9855AC2AE2BD7700C281E0 /* EditProfileViewModel.swift in Sources */,
				0A9855AA2AE2BCE000C281E0 /* EditProfileVC.swift in Sources */,
				0A3692D12AD5589A008D2829 /* HomeVC.swift in Sources */,
				0AD586C82B3E1A4E00406A93 /* EventDetailVC.swift in Sources */,
				0A2C33DE2ADDE1CC00EC4E21 /* EventMapViewModel.swift in Sources */,
				0A3692D62AD5A318008D2829 /* OnboardVC.swift in Sources */,
				0AE5D02B2AD4B5DA00CB8E43 /* ValidationManager.swift in Sources */,
				0A930C1A2ADF26E300E572FB /* CustomAnnotationView.swift in Sources */,
				0AD586CD2B3E1ADD00406A93 /* EventDetailInfoCollectionViewCell.swift in Sources */,
				0A09071F2AE02D2700C09085 /* CalendarViewModel.swift in Sources */,
				0A3692DA2AD5A5F0008D2829 /* OnboardViewModel.swift in Sources */,
				0ABFE2D42AD2A7BB0092018E /* AppDelegate.swift in Sources */,
				0AF09A252AE46E1600537CB6 /* AboutUsVC.swift in Sources */,
				0A930C1C2ADF29D200E572FB /* MKAnnotationView+Ext.swift in Sources */,
				0AB346C22AE1AD2700E455BA /* CalendarEventsHeaderCollectionReusableView.swift in Sources */,
				0A0907212AE0520900C09085 /* UIViewController+Ext.swift in Sources */,
				0ACFEE9E2B41C6A7004FF3E5 /* SearchVC.swift in Sources */,
				0A0636CE2AD359B5000B9825 /* AuthHeaderView.swift in Sources */,
				0AD586D12B3E1B1F00406A93 /* EventDetailOrganizerCollectionViewCell.swift in Sources */,
				0A06A76B2AF4F57300EC947E /* AlertPresentable.swift in Sources */,
				0A36D8592AF7D6CE004AC7AD /* UserDefaults+Ext.swift in Sources */,
				0A930C182ADF116900E572FB /* CustomAnnotationPin.swift in Sources */,
				0A5DD2432ADAE217006D33E9 /* Event.swift in Sources */,
				0A3692DC2AD5AA63008D2829 /* ContainerView.swift in Sources */,
				0A0636D42AD35E87000B9825 /* CGFloat+Ext.swift in Sources */,
				0A81ED3B2AD69C4C008C4675 /* EventMapVC.swift in Sources */,
				0AF339312AE329B0000E027E /* GenderDropDown.swift in Sources */,
				0ADCBAE72AE26B8A004EA494 /* CustomItemTileView.swift in Sources */,
				0AF09A212AE462B500537CB6 /* TermsAndConditionsVC.swift in Sources */,
				0ABFE2D62AD2A7BB0092018E /* SceneDelegate.swift in Sources */,
				0A930C1E2ADF349F00E572FB /* MapBottomSheetVC.swift in Sources */,
				0AF4519D2AD42D250057CEAF /* SignUpVC.swift in Sources */,
				0AF451A02AD42D7A0057CEAF /* SignUpViewModel.swift in Sources */,
				0AB346C52AE1CC7500E455BA /* ProfileViewModel.swift in Sources */,
				0AE71C8F2AD856D2005D8B22 /* CreateEventViewModel.swift in Sources */,
				0A81ED3F2AD6A6F6008C4675 /* HomeViewModel.swift in Sources */,
				0A0636D62AD363A0000B9825 /* CustomTextView.swift in Sources */,
				0ADCBAE52AE26796004EA494 /* SettingsViewModel.swift in Sources */,
				0A81ED372AD69C1B008C4675 /* ProfileVC.swift in Sources */,
				0AE71C882AD83E46005D8B22 /* EventListViewModel.swift in Sources */,
				0A3692DF2AD5C2C4008D2829 /* OnBoardModel.swift in Sources */,
				0A81ED392AD69C36008C4675 /* EventListVC.swift in Sources */,
			);
			runOnlyForDeploymentPostprocessing = 0;
		};
/* End PBXSourcesBuildPhase section */

/* Begin PBXVariantGroup section */
		0ABFE2DE2AD2A7BC0092018E /* LaunchScreen.storyboard */ = {
			isa = PBXVariantGroup;
			children = (
				0ABFE2DF2AD2A7BC0092018E /* Base */,
			);
			name = LaunchScreen.storyboard;
			sourceTree = "<group>";
		};
/* End PBXVariantGroup section */

/* Begin XCBuildConfiguration section */
		0ABFE2E22AD2A7BC0092018E /* Debug */ = {
			isa = XCBuildConfiguration;
			buildSettings = {
				ALWAYS_SEARCH_USER_PATHS = NO;
				ASSETCATALOG_COMPILER_GENERATE_SWIFT_ASSET_SYMBOL_EXTENSIONS = YES;
				CLANG_ANALYZER_NONNULL = YES;
				CLANG_ANALYZER_NUMBER_OBJECT_CONVERSION = YES_AGGRESSIVE;
				CLANG_CXX_LANGUAGE_STANDARD = "gnu++20";
				CLANG_ENABLE_MODULES = YES;
				CLANG_ENABLE_OBJC_ARC = YES;
				CLANG_ENABLE_OBJC_WEAK = YES;
				CLANG_WARN_BLOCK_CAPTURE_AUTORELEASING = YES;
				CLANG_WARN_BOOL_CONVERSION = YES;
				CLANG_WARN_COMMA = YES;
				CLANG_WARN_CONSTANT_CONVERSION = YES;
				CLANG_WARN_DEPRECATED_OBJC_IMPLEMENTATIONS = YES;
				CLANG_WARN_DIRECT_OBJC_ISA_USAGE = YES_ERROR;
				CLANG_WARN_DOCUMENTATION_COMMENTS = YES;
				CLANG_WARN_EMPTY_BODY = YES;
				CLANG_WARN_ENUM_CONVERSION = YES;
				CLANG_WARN_INFINITE_RECURSION = YES;
				CLANG_WARN_INT_CONVERSION = YES;
				CLANG_WARN_NON_LITERAL_NULL_CONVERSION = YES;
				CLANG_WARN_OBJC_IMPLICIT_RETAIN_SELF = YES;
				CLANG_WARN_OBJC_LITERAL_CONVERSION = YES;
				CLANG_WARN_OBJC_ROOT_CLASS = YES_ERROR;
				CLANG_WARN_QUOTED_INCLUDE_IN_FRAMEWORK_HEADER = YES;
				CLANG_WARN_RANGE_LOOP_ANALYSIS = YES;
				CLANG_WARN_STRICT_PROTOTYPES = YES;
				CLANG_WARN_SUSPICIOUS_MOVE = YES;
				CLANG_WARN_UNGUARDED_AVAILABILITY = YES_AGGRESSIVE;
				CLANG_WARN_UNREACHABLE_CODE = YES;
				CLANG_WARN__DUPLICATE_METHOD_MATCH = YES;
				COPY_PHASE_STRIP = NO;
				DEBUG_INFORMATION_FORMAT = dwarf;
				ENABLE_STRICT_OBJC_MSGSEND = YES;
				ENABLE_TESTABILITY = YES;
				ENABLE_USER_SCRIPT_SANDBOXING = YES;
				GCC_C_LANGUAGE_STANDARD = gnu17;
				GCC_DYNAMIC_NO_PIC = NO;
				GCC_NO_COMMON_BLOCKS = YES;
				GCC_OPTIMIZATION_LEVEL = 0;
				GCC_PREPROCESSOR_DEFINITIONS = (
					"DEBUG=1",
					"$(inherited)",
				);
				GCC_WARN_64_TO_32_BIT_CONVERSION = YES;
				GCC_WARN_ABOUT_RETURN_TYPE = YES_ERROR;
				GCC_WARN_UNDECLARED_SELECTOR = YES;
				GCC_WARN_UNINITIALIZED_AUTOS = YES_AGGRESSIVE;
				GCC_WARN_UNUSED_FUNCTION = YES;
				GCC_WARN_UNUSED_VARIABLE = YES;
				IPHONEOS_DEPLOYMENT_TARGET = 17.0;
				LOCALIZATION_PREFERS_STRING_CATALOGS = YES;
				MTL_ENABLE_DEBUG_INFO = INCLUDE_SOURCE;
				MTL_FAST_MATH = YES;
				ONLY_ACTIVE_ARCH = YES;
				SDKROOT = iphoneos;
				SWIFT_ACTIVE_COMPILATION_CONDITIONS = "DEBUG $(inherited)";
				SWIFT_OPTIMIZATION_LEVEL = "-Onone";
			};
			name = Debug;
		};
		0ABFE2E32AD2A7BC0092018E /* Release */ = {
			isa = XCBuildConfiguration;
			buildSettings = {
				ALWAYS_SEARCH_USER_PATHS = NO;
				ASSETCATALOG_COMPILER_GENERATE_SWIFT_ASSET_SYMBOL_EXTENSIONS = YES;
				CLANG_ANALYZER_NONNULL = YES;
				CLANG_ANALYZER_NUMBER_OBJECT_CONVERSION = YES_AGGRESSIVE;
				CLANG_CXX_LANGUAGE_STANDARD = "gnu++20";
				CLANG_ENABLE_MODULES = YES;
				CLANG_ENABLE_OBJC_ARC = YES;
				CLANG_ENABLE_OBJC_WEAK = YES;
				CLANG_WARN_BLOCK_CAPTURE_AUTORELEASING = YES;
				CLANG_WARN_BOOL_CONVERSION = YES;
				CLANG_WARN_COMMA = YES;
				CLANG_WARN_CONSTANT_CONVERSION = YES;
				CLANG_WARN_DEPRECATED_OBJC_IMPLEMENTATIONS = YES;
				CLANG_WARN_DIRECT_OBJC_ISA_USAGE = YES_ERROR;
				CLANG_WARN_DOCUMENTATION_COMMENTS = YES;
				CLANG_WARN_EMPTY_BODY = YES;
				CLANG_WARN_ENUM_CONVERSION = YES;
				CLANG_WARN_INFINITE_RECURSION = YES;
				CLANG_WARN_INT_CONVERSION = YES;
				CLANG_WARN_NON_LITERAL_NULL_CONVERSION = YES;
				CLANG_WARN_OBJC_IMPLICIT_RETAIN_SELF = YES;
				CLANG_WARN_OBJC_LITERAL_CONVERSION = YES;
				CLANG_WARN_OBJC_ROOT_CLASS = YES_ERROR;
				CLANG_WARN_QUOTED_INCLUDE_IN_FRAMEWORK_HEADER = YES;
				CLANG_WARN_RANGE_LOOP_ANALYSIS = YES;
				CLANG_WARN_STRICT_PROTOTYPES = YES;
				CLANG_WARN_SUSPICIOUS_MOVE = YES;
				CLANG_WARN_UNGUARDED_AVAILABILITY = YES_AGGRESSIVE;
				CLANG_WARN_UNREACHABLE_CODE = YES;
				CLANG_WARN__DUPLICATE_METHOD_MATCH = YES;
				COPY_PHASE_STRIP = NO;
				DEBUG_INFORMATION_FORMAT = "dwarf-with-dsym";
				ENABLE_NS_ASSERTIONS = NO;
				ENABLE_STRICT_OBJC_MSGSEND = YES;
				ENABLE_USER_SCRIPT_SANDBOXING = YES;
				GCC_C_LANGUAGE_STANDARD = gnu17;
				GCC_NO_COMMON_BLOCKS = YES;
				GCC_WARN_64_TO_32_BIT_CONVERSION = YES;
				GCC_WARN_ABOUT_RETURN_TYPE = YES_ERROR;
				GCC_WARN_UNDECLARED_SELECTOR = YES;
				GCC_WARN_UNINITIALIZED_AUTOS = YES_AGGRESSIVE;
				GCC_WARN_UNUSED_FUNCTION = YES;
				GCC_WARN_UNUSED_VARIABLE = YES;
				IPHONEOS_DEPLOYMENT_TARGET = 17.0;
				LOCALIZATION_PREFERS_STRING_CATALOGS = YES;
				MTL_ENABLE_DEBUG_INFO = NO;
				MTL_FAST_MATH = YES;
				SDKROOT = iphoneos;
				SWIFT_COMPILATION_MODE = wholemodule;
				VALIDATE_PRODUCT = YES;
			};
			name = Release;
		};
		0ABFE2E52AD2A7BC0092018E /* Debug */ = {
			isa = XCBuildConfiguration;
			buildSettings = {
				ASSETCATALOG_COMPILER_APPICON_NAME = AppIcon;
				ASSETCATALOG_COMPILER_GLOBAL_ACCENT_COLOR_NAME = AccentColor;
				CODE_SIGN_STYLE = Automatic;
				CURRENT_PROJECT_VERSION = 1;
				DEVELOPMENT_TEAM = F8U69W5MA6;
				GENERATE_INFOPLIST_FILE = YES;
				INFOPLIST_FILE = EventGo/Support/Info.plist;
				INFOPLIST_KEY_NSLocationWhenInUseUsageDescription = "allow to add location ";
				INFOPLIST_KEY_NSPhotoLibraryAddUsageDescription = "allow to add photo";
				INFOPLIST_KEY_NSPhotoLibraryUsageDescription = "allow to add photo";
				INFOPLIST_KEY_UIApplicationSupportsIndirectInputEvents = YES;
				INFOPLIST_KEY_UILaunchStoryboardName = LaunchScreen;
				INFOPLIST_KEY_UIMainStoryboardFile = "";
				INFOPLIST_KEY_UISupportedInterfaceOrientations_iPad = "UIInterfaceOrientationPortrait UIInterfaceOrientationPortraitUpsideDown UIInterfaceOrientationLandscapeLeft UIInterfaceOrientationLandscapeRight";
				INFOPLIST_KEY_UISupportedInterfaceOrientations_iPhone = "UIInterfaceOrientationPortrait UIInterfaceOrientationLandscapeLeft UIInterfaceOrientationLandscapeRight";
				LD_RUNPATH_SEARCH_PATHS = (
					"$(inherited)",
					"@executable_path/Frameworks",
				);
				MARKETING_VERSION = 1.0;
				PRODUCT_BUNDLE_IDENTIFIER = com.abdulkerimcan.EventGo;
				PRODUCT_NAME = "$(TARGET_NAME)";
				SWIFT_EMIT_LOC_STRINGS = YES;
				SWIFT_VERSION = 5.0;
				TARGETED_DEVICE_FAMILY = "1,2";
			};
			name = Debug;
		};
		0ABFE2E62AD2A7BC0092018E /* Release */ = {
			isa = XCBuildConfiguration;
			buildSettings = {
				ASSETCATALOG_COMPILER_APPICON_NAME = AppIcon;
				ASSETCATALOG_COMPILER_GLOBAL_ACCENT_COLOR_NAME = AccentColor;
				CODE_SIGN_STYLE = Automatic;
				CURRENT_PROJECT_VERSION = 1;
				DEVELOPMENT_TEAM = F8U69W5MA6;
				GENERATE_INFOPLIST_FILE = YES;
				INFOPLIST_FILE = EventGo/Support/Info.plist;
				INFOPLIST_KEY_NSLocationWhenInUseUsageDescription = "allow to add location ";
				INFOPLIST_KEY_NSPhotoLibraryAddUsageDescription = "allow to add photo";
				INFOPLIST_KEY_NSPhotoLibraryUsageDescription = "allow to add photo";
				INFOPLIST_KEY_UIApplicationSupportsIndirectInputEvents = YES;
				INFOPLIST_KEY_UILaunchStoryboardName = LaunchScreen;
				INFOPLIST_KEY_UIMainStoryboardFile = "";
				INFOPLIST_KEY_UISupportedInterfaceOrientations_iPad = "UIInterfaceOrientationPortrait UIInterfaceOrientationPortraitUpsideDown UIInterfaceOrientationLandscapeLeft UIInterfaceOrientationLandscapeRight";
				INFOPLIST_KEY_UISupportedInterfaceOrientations_iPhone = "UIInterfaceOrientationPortrait UIInterfaceOrientationLandscapeLeft UIInterfaceOrientationLandscapeRight";
				LD_RUNPATH_SEARCH_PATHS = (
					"$(inherited)",
					"@executable_path/Frameworks",
				);
				MARKETING_VERSION = 1.0;
				PRODUCT_BUNDLE_IDENTIFIER = com.abdulkerimcan.EventGo;
				PRODUCT_NAME = "$(TARGET_NAME)";
				SWIFT_EMIT_LOC_STRINGS = YES;
				SWIFT_VERSION = 5.0;
				TARGETED_DEVICE_FAMILY = "1,2";
			};
			name = Release;
		};
/* End XCBuildConfiguration section */

/* Begin XCConfigurationList section */
		0ABFE2CB2AD2A7BB0092018E /* Build configuration list for PBXProject "EventGo" */ = {
			isa = XCConfigurationList;
			buildConfigurations = (
				0ABFE2E22AD2A7BC0092018E /* Debug */,
				0ABFE2E32AD2A7BC0092018E /* Release */,
			);
			defaultConfigurationIsVisible = 0;
			defaultConfigurationName = Release;
		};
		0ABFE2E42AD2A7BC0092018E /* Build configuration list for PBXNativeTarget "EventGo" */ = {
			isa = XCConfigurationList;
			buildConfigurations = (
				0ABFE2E52AD2A7BC0092018E /* Debug */,
				0ABFE2E62AD2A7BC0092018E /* Release */,
			);
			defaultConfigurationIsVisible = 0;
			defaultConfigurationName = Release;
		};
/* End XCConfigurationList section */

/* Begin XCRemoteSwiftPackageReference section */
		0A30B2332B49DEFB001F71FE /* XCRemoteSwiftPackageReference "RxSwift" */ = {
			isa = XCRemoteSwiftPackageReference;
			repositoryURL = "https://github.com/ReactiveX/RxSwift.git";
			requirement = {
				kind = upToNextMajorVersion;
				minimumVersion = 6.6.0;
			};
		};
		0A30B2402B4A10D4001F71FE /* XCRemoteSwiftPackageReference "RxDataSources" */ = {
			isa = XCRemoteSwiftPackageReference;
			repositoryURL = "https://github.com/RxSwiftCommunity/RxDataSources.git";
			requirement = {
				kind = upToNextMajorVersion;
				minimumVersion = 5.0.2;
			};
		};
		0ABFE2ED2AD2BD950092018E /* XCRemoteSwiftPackageReference "SnapKit" */ = {
			isa = XCRemoteSwiftPackageReference;
			repositoryURL = "https://github.com/SnapKit/SnapKit.git";
			requirement = {
				kind = upToNextMajorVersion;
				minimumVersion = 5.6.0;
			};
		};
		0AC4F2002AD8ACA500502F08 /* XCRemoteSwiftPackageReference "Kingfisher" */ = {
			isa = XCRemoteSwiftPackageReference;
			repositoryURL = "https://github.com/onevcat/Kingfisher";
			requirement = {
				kind = upToNextMajorVersion;
				minimumVersion = 7.9.1;
			};
		};
		0AC4F2032AD8AD5300502F08 /* XCRemoteSwiftPackageReference "iOSDropDown" */ = {
			isa = XCRemoteSwiftPackageReference;
			repositoryURL = "https://github.com/jriosdev/iOSDropDown.git";
			requirement = {
				kind = upToNextMajorVersion;
				minimumVersion = 0.4.0;
			};
		};
		0AE5CFEE2AD492A900CB8E43 /* XCRemoteSwiftPackageReference "firebase-ios-sdk" */ = {
			isa = XCRemoteSwiftPackageReference;
			repositoryURL = "https://github.com/firebase/firebase-ios-sdk";
			requirement = {
				kind = upToNextMajorVersion;
				minimumVersion = 10.16.0;
			};
		};
/* End XCRemoteSwiftPackageReference section */

/* Begin XCSwiftPackageProductDependency section */
		0A30B2342B49DEFB001F71FE /* RxBlocking */ = {
			isa = XCSwiftPackageProductDependency;
			package = 0A30B2332B49DEFB001F71FE /* XCRemoteSwiftPackageReference "RxSwift" */;
			productName = RxBlocking;
		};
		0A30B2362B49DEFB001F71FE /* RxBlocking-Dynamic */ = {
			isa = XCSwiftPackageProductDependency;
			package = 0A30B2332B49DEFB001F71FE /* XCRemoteSwiftPackageReference "RxSwift" */;
			productName = "RxBlocking-Dynamic";
		};
		0A30B2382B49DEFB001F71FE /* RxCocoa */ = {
			isa = XCSwiftPackageProductDependency;
			package = 0A30B2332B49DEFB001F71FE /* XCRemoteSwiftPackageReference "RxSwift" */;
			productName = RxCocoa;
		};
		0A30B23A2B49DEFB001F71FE /* RxCocoa-Dynamic */ = {
			isa = XCSwiftPackageProductDependency;
			package = 0A30B2332B49DEFB001F71FE /* XCRemoteSwiftPackageReference "RxSwift" */;
			productName = "RxCocoa-Dynamic";
		};
		0A30B23C2B49DEFB001F71FE /* RxRelay */ = {
			isa = XCSwiftPackageProductDependency;
			package = 0A30B2332B49DEFB001F71FE /* XCRemoteSwiftPackageReference "RxSwift" */;
			productName = RxRelay;
		};
		0A30B23E2B49DEFB001F71FE /* RxRelay-Dynamic */ = {
			isa = XCSwiftPackageProductDependency;
			package = 0A30B2332B49DEFB001F71FE /* XCRemoteSwiftPackageReference "RxSwift" */;
			productName = "RxRelay-Dynamic";
		};
		0A30B2412B4A10D4001F71FE /* Differentiator */ = {
			isa = XCSwiftPackageProductDependency;
			package = 0A30B2402B4A10D4001F71FE /* XCRemoteSwiftPackageReference "RxDataSources" */;
			productName = Differentiator;
		};
		0A30B2432B4A10D4001F71FE /* RxDataSources */ = {
			isa = XCSwiftPackageProductDependency;
			package = 0A30B2402B4A10D4001F71FE /* XCRemoteSwiftPackageReference "RxDataSources" */;
			productName = RxDataSources;
		};
		0ABFE2EE2AD2BD950092018E /* SnapKit */ = {
			isa = XCSwiftPackageProductDependency;
			package = 0ABFE2ED2AD2BD950092018E /* XCRemoteSwiftPackageReference "SnapKit" */;
			productName = SnapKit;
		};
		0ABFE2F02AD2BD950092018E /* SnapKit-Dynamic */ = {
			isa = XCSwiftPackageProductDependency;
			package = 0ABFE2ED2AD2BD950092018E /* XCRemoteSwiftPackageReference "SnapKit" */;
			productName = "SnapKit-Dynamic";
		};
		0AC4F2012AD8ACA500502F08 /* Kingfisher */ = {
			isa = XCSwiftPackageProductDependency;
			package = 0AC4F2002AD8ACA500502F08 /* XCRemoteSwiftPackageReference "Kingfisher" */;
			productName = Kingfisher;
		};
		0AC4F2042AD8AD5300502F08 /* iOSDropDown */ = {
			isa = XCSwiftPackageProductDependency;
			package = 0AC4F2032AD8AD5300502F08 /* XCRemoteSwiftPackageReference "iOSDropDown" */;
			productName = iOSDropDown;
		};
		0AE5CFEF2AD492A900CB8E43 /* FirebaseAnalytics */ = {
			isa = XCSwiftPackageProductDependency;
			package = 0AE5CFEE2AD492A900CB8E43 /* XCRemoteSwiftPackageReference "firebase-ios-sdk" */;
			productName = FirebaseAnalytics;
		};
		0AE5CFF12AD492A900CB8E43 /* FirebaseAnalyticsOnDeviceConversion */ = {
			isa = XCSwiftPackageProductDependency;
			package = 0AE5CFEE2AD492A900CB8E43 /* XCRemoteSwiftPackageReference "firebase-ios-sdk" */;
			productName = FirebaseAnalyticsOnDeviceConversion;
		};
		0AE5CFF32AD492A900CB8E43 /* FirebaseAnalyticsSwift */ = {
			isa = XCSwiftPackageProductDependency;
			package = 0AE5CFEE2AD492A900CB8E43 /* XCRemoteSwiftPackageReference "firebase-ios-sdk" */;
			productName = FirebaseAnalyticsSwift;
		};
		0AE5CFF52AD492A900CB8E43 /* FirebaseAnalyticsWithoutAdIdSupport */ = {
			isa = XCSwiftPackageProductDependency;
			package = 0AE5CFEE2AD492A900CB8E43 /* XCRemoteSwiftPackageReference "firebase-ios-sdk" */;
			productName = FirebaseAnalyticsWithoutAdIdSupport;
		};
		0AE5CFF72AD492A900CB8E43 /* FirebaseAppCheck */ = {
			isa = XCSwiftPackageProductDependency;
			package = 0AE5CFEE2AD492A900CB8E43 /* XCRemoteSwiftPackageReference "firebase-ios-sdk" */;
			productName = FirebaseAppCheck;
		};
		0AE5CFF92AD492A900CB8E43 /* FirebaseAppDistribution-Beta */ = {
			isa = XCSwiftPackageProductDependency;
			package = 0AE5CFEE2AD492A900CB8E43 /* XCRemoteSwiftPackageReference "firebase-ios-sdk" */;
			productName = "FirebaseAppDistribution-Beta";
		};
		0AE5CFFB2AD492A900CB8E43 /* FirebaseAuth */ = {
			isa = XCSwiftPackageProductDependency;
			package = 0AE5CFEE2AD492A900CB8E43 /* XCRemoteSwiftPackageReference "firebase-ios-sdk" */;
			productName = FirebaseAuth;
		};
		0AE5CFFD2AD492A900CB8E43 /* FirebaseAuthCombine-Community */ = {
			isa = XCSwiftPackageProductDependency;
			package = 0AE5CFEE2AD492A900CB8E43 /* XCRemoteSwiftPackageReference "firebase-ios-sdk" */;
			productName = "FirebaseAuthCombine-Community";
		};
		0AE5CFFF2AD492A900CB8E43 /* FirebaseCrashlytics */ = {
			isa = XCSwiftPackageProductDependency;
			package = 0AE5CFEE2AD492A900CB8E43 /* XCRemoteSwiftPackageReference "firebase-ios-sdk" */;
			productName = FirebaseCrashlytics;
		};
		0AE5D0012AD492A900CB8E43 /* FirebaseDatabase */ = {
			isa = XCSwiftPackageProductDependency;
			package = 0AE5CFEE2AD492A900CB8E43 /* XCRemoteSwiftPackageReference "firebase-ios-sdk" */;
			productName = FirebaseDatabase;
		};
		0AE5D0032AD492A900CB8E43 /* FirebaseDatabaseSwift */ = {
			isa = XCSwiftPackageProductDependency;
			package = 0AE5CFEE2AD492A900CB8E43 /* XCRemoteSwiftPackageReference "firebase-ios-sdk" */;
			productName = FirebaseDatabaseSwift;
		};
		0AE5D0052AD492A900CB8E43 /* FirebaseDynamicLinks */ = {
			isa = XCSwiftPackageProductDependency;
			package = 0AE5CFEE2AD492A900CB8E43 /* XCRemoteSwiftPackageReference "firebase-ios-sdk" */;
			productName = FirebaseDynamicLinks;
		};
		0AE5D0072AD492A900CB8E43 /* FirebaseFirestore */ = {
			isa = XCSwiftPackageProductDependency;
			package = 0AE5CFEE2AD492A900CB8E43 /* XCRemoteSwiftPackageReference "firebase-ios-sdk" */;
			productName = FirebaseFirestore;
		};
		0AE5D0092AD492A900CB8E43 /* FirebaseFirestoreCombine-Community */ = {
			isa = XCSwiftPackageProductDependency;
			package = 0AE5CFEE2AD492A900CB8E43 /* XCRemoteSwiftPackageReference "firebase-ios-sdk" */;
			productName = "FirebaseFirestoreCombine-Community";
		};
		0AE5D00B2AD492A900CB8E43 /* FirebaseFirestoreSwift */ = {
			isa = XCSwiftPackageProductDependency;
			package = 0AE5CFEE2AD492A900CB8E43 /* XCRemoteSwiftPackageReference "firebase-ios-sdk" */;
			productName = FirebaseFirestoreSwift;
		};
		0AE5D00D2AD492A900CB8E43 /* FirebaseFunctions */ = {
			isa = XCSwiftPackageProductDependency;
			package = 0AE5CFEE2AD492A900CB8E43 /* XCRemoteSwiftPackageReference "firebase-ios-sdk" */;
			productName = FirebaseFunctions;
		};
		0AE5D00F2AD492A900CB8E43 /* FirebaseFunctionsCombine-Community */ = {
			isa = XCSwiftPackageProductDependency;
			package = 0AE5CFEE2AD492A900CB8E43 /* XCRemoteSwiftPackageReference "firebase-ios-sdk" */;
			productName = "FirebaseFunctionsCombine-Community";
		};
		0AE5D0112AD492A900CB8E43 /* FirebaseInAppMessaging-Beta */ = {
			isa = XCSwiftPackageProductDependency;
			package = 0AE5CFEE2AD492A900CB8E43 /* XCRemoteSwiftPackageReference "firebase-ios-sdk" */;
			productName = "FirebaseInAppMessaging-Beta";
		};
		0AE5D0132AD492A900CB8E43 /* FirebaseInAppMessagingSwift-Beta */ = {
			isa = XCSwiftPackageProductDependency;
			package = 0AE5CFEE2AD492A900CB8E43 /* XCRemoteSwiftPackageReference "firebase-ios-sdk" */;
			productName = "FirebaseInAppMessagingSwift-Beta";
		};
		0AE5D0152AD492A900CB8E43 /* FirebaseInstallations */ = {
			isa = XCSwiftPackageProductDependency;
			package = 0AE5CFEE2AD492A900CB8E43 /* XCRemoteSwiftPackageReference "firebase-ios-sdk" */;
			productName = FirebaseInstallations;
		};
		0AE5D0172AD492A900CB8E43 /* FirebaseMLModelDownloader */ = {
			isa = XCSwiftPackageProductDependency;
			package = 0AE5CFEE2AD492A900CB8E43 /* XCRemoteSwiftPackageReference "firebase-ios-sdk" */;
			productName = FirebaseMLModelDownloader;
		};
		0AE5D0192AD492A900CB8E43 /* FirebaseMessaging */ = {
			isa = XCSwiftPackageProductDependency;
			package = 0AE5CFEE2AD492A900CB8E43 /* XCRemoteSwiftPackageReference "firebase-ios-sdk" */;
			productName = FirebaseMessaging;
		};
		0AE5D01B2AD492A900CB8E43 /* FirebasePerformance */ = {
			isa = XCSwiftPackageProductDependency;
			package = 0AE5CFEE2AD492A900CB8E43 /* XCRemoteSwiftPackageReference "firebase-ios-sdk" */;
			productName = FirebasePerformance;
		};
		0AE5D01D2AD492A900CB8E43 /* FirebaseRemoteConfig */ = {
			isa = XCSwiftPackageProductDependency;
			package = 0AE5CFEE2AD492A900CB8E43 /* XCRemoteSwiftPackageReference "firebase-ios-sdk" */;
			productName = FirebaseRemoteConfig;
		};
		0AE5D01F2AD492A900CB8E43 /* FirebaseRemoteConfigSwift */ = {
			isa = XCSwiftPackageProductDependency;
			package = 0AE5CFEE2AD492A900CB8E43 /* XCRemoteSwiftPackageReference "firebase-ios-sdk" */;
			productName = FirebaseRemoteConfigSwift;
		};
		0AE5D0212AD492A900CB8E43 /* FirebaseStorage */ = {
			isa = XCSwiftPackageProductDependency;
			package = 0AE5CFEE2AD492A900CB8E43 /* XCRemoteSwiftPackageReference "firebase-ios-sdk" */;
			productName = FirebaseStorage;
		};
		0AE5D0232AD492A900CB8E43 /* FirebaseStorageCombine-Community */ = {
			isa = XCSwiftPackageProductDependency;
			package = 0AE5CFEE2AD492A900CB8E43 /* XCRemoteSwiftPackageReference "firebase-ios-sdk" */;
			productName = "FirebaseStorageCombine-Community";
		};
/* End XCSwiftPackageProductDependency section */
	};
	rootObject = 0ABFE2C82AD2A7BB0092018E /* Project object */;
}
